PODS:
  - Alamofire (5.2.2)
  - KakaoSDK (2.0.4):
    - KakaoSDKAuth (= 2.0.4)
    - KakaoSDKCommon (= 2.0.4)
    - KakaoSDKLink (= 2.0.4)
    - KakaoSDKNavi (= 2.0.4)
    - KakaoSDKStory (= 2.0.4)
    - KakaoSDKTalk (= 2.0.4)
    - KakaoSDKTemplate (= 2.0.4)
    - KakaoSDKUser (= 2.0.4)
  - KakaoSDKAuth (2.0.4):
    - KakaoSDKCommon (= 2.0.4)
  - KakaoSDKCommon (2.0.4):
    - Alamofire (~> 5.1)
  - KakaoSDKLink (2.0.4):
    - KakaoSDKCommon (= 2.0.4)
    - KakaoSDKTemplate (= 2.0.4)
  - KakaoSDKNavi (2.0.4):
    - KakaoSDKCommon (= 2.0.4)
  - KakaoSDKStory (2.0.4):
    - KakaoSDKAuth (= 2.0.4)
    - KakaoSDKCommon (= 2.0.4)
  - KakaoSDKTalk (2.0.4):
    - KakaoSDKAuth (= 2.0.4)
    - KakaoSDKCommon (= 2.0.4)
    - KakaoSDKTemplate (= 2.0.4)
  - KakaoSDKTemplate (2.0.4):
    - KakaoSDKCommon (= 2.0.4)
  - KakaoSDKUser (2.0.4):
    - KakaoSDKAuth (= 2.0.4)
    - KakaoSDKCommon (= 2.0.4)
  - NMapsMap (3.10.2)
  - SDWebImage (5.9.2):
    - SDWebImage/Core (= 5.9.2)
  - SDWebImage/Core (5.9.2)

DEPENDENCIES:
  - Alamofire (~> 5.2)
  - KakaoSDK
  - NMapsMap
  - SDWebImage (~> 5.0)

SPEC REPOS:
  trunk:
    - Alamofire
    - KakaoSDK
    - KakaoSDKAuth
    - KakaoSDKCommon
    - KakaoSDKLink
    - KakaoSDKNavi
    - KakaoSDKStory
    - KakaoSDKTalk
    - KakaoSDKTemplate
    - KakaoSDKUser
    - NMapsMap
    - SDWebImage

SPEC CHECKSUMS:
  Alamofire: 814429acc853c6c54ff123fc3d2ef66803823ce0
  KakaoSDK: 9e2d0ddb9828e7e68cdc45cb756d4c649c65b1ba
  KakaoSDKAuth: 3a88e4a110243f8c6b9948c5ec85670c7acaebf6
  KakaoSDKCommon: 070472d0638ea6b28684a23c195e47015349e51b
  KakaoSDKLink: a90a919c4b00dc85bbf21d91842961c105317317
  KakaoSDKNavi: 698659afffcd6d069febe0d1eab7a2dc524697f5
  KakaoSDKStory: da6ee55062acc3bd667315773671e55c85b5ca56
  KakaoSDKTalk: 8cf6299b0eea7cf3139ab0f62b415fd054f83a29
  KakaoSDKTemplate: 330007aea0b46de1ed93e4cbddc7b4c3b59bdc25
  KakaoSDKUser: 7951e09f9e6de3908ae2d7f8486290c8607c217a
  NMapsMap: 2c092c6408c738774edea41e00f0fd1bad9e0ca9
  SDWebImage: 0b42b8719ab0c5257177d5894306e8a336b21cbb

PODFILE CHECKSUM: c93efd1532ea2200a90e440ad138fa29599d1342

COCOAPODS: 1.9.3
