// !$*UTF8*$!
{
	archiveVersion = 1;
	classes = {
	};
	objectVersion = 51;
	objects = {

/* Begin PBXBuildFile section */
		253117AEAEF1DA27906323F1 /* Pods_Plapick.framework in Frameworks */ = {isa = PBXBuildFile; fileRef = E39571607D70074FC00EBC1F /* Pods_Plapick.framework */; };
		5701EFD125BFD22600AA4E0F /* LikePlaceRequest.swift in Sources */ = {isa = PBXBuildFile; fileRef = 5701EFD025BFD22600AA4E0F /* LikePlaceRequest.swift */; };
		5701EFD525BFE84F00AA4E0F /* AddPlaceRequest.swift in Sources */ = {isa = PBXBuildFile; fileRef = 5701EFD425BFE84F00AA4E0F /* AddPlaceRequest.swift */; };
		570B3AE025BF333C0028424D /* SearchPlaceViewController.swift in Sources */ = {isa = PBXBuildFile; fileRef = 570B3ADF25BF333C0028424D /* SearchPlaceViewController.swift */; };
		570B3AE525BF34F60028424D /* PlaceMediumView.swift in Sources */ = {isa = PBXBuildFile; fileRef = 570B3AE425BF34F60028424D /* PlaceMediumView.swift */; };
		5710A7D825CD99E7000C5D8D /* QnaViewController.swift in Sources */ = {isa = PBXBuildFile; fileRef = 5710A7D725CD99E7000C5D8D /* QnaViewController.swift */; };
		5710A7DC25CDA170000C5D8D /* QnaView.swift in Sources */ = {isa = PBXBuildFile; fileRef = 5710A7DB25CDA170000C5D8D /* QnaView.swift */; };
		5710A7DF25CDA1D6000C5D8D /* Qna.swift in Sources */ = {isa = PBXBuildFile; fileRef = 5710A7DE25CDA1D6000C5D8D /* Qna.swift */; };
		57266D3225C6BE82004C8187 /* MostPickLargeCVCell.swift in Sources */ = {isa = PBXBuildFile; fileRef = 57266D3125C6BE82004C8187 /* MostPickLargeCVCell.swift */; };
		57266D3625C6C3D3004C8187 /* MostPickSmallCVCell.swift in Sources */ = {isa = PBXBuildFile; fileRef = 57266D3525C6C3D3004C8187 /* MostPickSmallCVCell.swift */; };
		57266D4025C70FB8004C8187 /* GetPlaceRequest.swift in Sources */ = {isa = PBXBuildFile; fileRef = 57266D3F25C70FB8004C8187 /* GetPlaceRequest.swift */; };
		572D31E125A579AD00A93FD9 /* Pick.swift in Sources */ = {isa = PBXBuildFile; fileRef = 572D31E025A579AD00A93FD9 /* Pick.swift */; };
		5738649225BD29F10025AF1A /* HttpResponse.swift in Sources */ = {isa = PBXBuildFile; fileRef = 5738649125BD29F10025AF1A /* HttpResponse.swift */; };
		5738649925BD325E0025AF1A /* HttpRequest.swift in Sources */ = {isa = PBXBuildFile; fileRef = 5738649825BD325E0025AF1A /* HttpRequest.swift */; };
		5738649E25BD4E320025AF1A /* MainViewController.swift in Sources */ = {isa = PBXBuildFile; fileRef = 5738649D25BD4E320025AF1A /* MainViewController.swift */; };
		573864A625BD652B0025AF1A /* GetRecentPicksRequest.swift in Sources */ = {isa = PBXBuildFile; fileRef = 573864A525BD652B0025AF1A /* GetRecentPicksRequest.swift */; };
		573864B725BD93990025AF1A /* GetHotPlacesRequest.swift in Sources */ = {isa = PBXBuildFile; fileRef = 573864B625BD93990025AF1A /* GetHotPlacesRequest.swift */; };
		573864CA25BDD4A60025AF1A /* MostPick.swift in Sources */ = {isa = PBXBuildFile; fileRef = 573864C925BDD4A60025AF1A /* MostPick.swift */; };
		573864CE25BDDEEE0025AF1A /* LineView.swift in Sources */ = {isa = PBXBuildFile; fileRef = 573864CD25BDDEEE0025AF1A /* LineView.swift */; };
		573E42EB25CAB69300D6231A /* ParentLocation.swift in Sources */ = {isa = PBXBuildFile; fileRef = 573E42EA25CAB69300D6231A /* ParentLocation.swift */; };
		573E42EE25CAB6DA00D6231A /* ChildLocation.swift in Sources */ = {isa = PBXBuildFile; fileRef = 573E42ED25CAB6DA00D6231A /* ChildLocation.swift */; };
		573E42FF25CAF67A00D6231A /* RemoveCommentRequest.swift in Sources */ = {isa = PBXBuildFile; fileRef = 573E42FE25CAF67A00D6231A /* RemoveCommentRequest.swift */; };
		574ADFB625CBB397001EAC7B /* NoDataView.swift in Sources */ = {isa = PBXBuildFile; fileRef = 574ADFB525CBB397001EAC7B /* NoDataView.swift */; };
		5759EBC625BEA1DF007497F6 /* SearchViewController.swift in Sources */ = {isa = PBXBuildFile; fileRef = 5759EBC525BEA1DF007497F6 /* SearchViewController.swift */; };
		5759EBD725BEE7F4007497F6 /* GetPlacesRequest.swift in Sources */ = {isa = PBXBuildFile; fileRef = 5759EBD625BEE7F4007497F6 /* GetPlacesRequest.swift */; };
		57755BB325B3F91400CF0849 /* UserNotifications.framework in Frameworks */ = {isa = PBXBuildFile; fileRef = 57755BB225B3F91400CF0849 /* UserNotifications.framework */; };
		57755BB525B3F91D00CF0849 /* PushKit.framework in Frameworks */ = {isa = PBXBuildFile; fileRef = 57755BB425B3F91D00CF0849 /* PushKit.framework */; };
		57755BBD25B43E4D00CF0849 /* AddPushNotificationDeviceRequest.swift in Sources */ = {isa = PBXBuildFile; fileRef = 57755BBC25B43E4D00CF0849 /* AddPushNotificationDeviceRequest.swift */; };
		57755BCF25B471CD00CF0849 /* GetPushNotificationDeviceRequest.swift in Sources */ = {isa = PBXBuildFile; fileRef = 57755BCE25B471CD00CF0849 /* GetPushNotificationDeviceRequest.swift */; };
		57755BD525B47F4B00CF0849 /* PickViewController.swift in Sources */ = {isa = PBXBuildFile; fileRef = 57755BD425B47F4B00CF0849 /* PickViewController.swift */; };
		5778BBB625E0DCEE00377A52 /* WriteQnaViewController.swift in Sources */ = {isa = PBXBuildFile; fileRef = 5778BBB525E0DCEE00377A52 /* WriteQnaViewController.swift */; };
		5778BBBA25E0F1F500377A52 /* AddQnaRequest.swift in Sources */ = {isa = PBXBuildFile; fileRef = 5778BBB925E0F1F500377A52 /* AddQnaRequest.swift */; };
		5778BBBD25E0F3EA00377A52 /* GetQnasRequest.swift in Sources */ = {isa = PBXBuildFile; fileRef = 5778BBBC25E0F3EA00377A52 /* GetQnasRequest.swift */; };
		577A87CD25C9228900ABC145 /* AddCommentRequest.swift in Sources */ = {isa = PBXBuildFile; fileRef = 577A87CC25C9228900ABC145 /* AddCommentRequest.swift */; };
		577A87D125C9634300ABC145 /* SearchPlaceMapViewController.swift in Sources */ = {isa = PBXBuildFile; fileRef = 577A87D025C9634300ABC145 /* SearchPlaceMapViewController.swift */; };
		5780FD8F25C13DE0002F89F2 /* PlaceSmallView.swift in Sources */ = {isa = PBXBuildFile; fileRef = 5780FD8E25C13DE0002F89F2 /* PlaceSmallView.swift */; };
		5780FD9325C17C9B002F89F2 /* GetPicksRequest.swift in Sources */ = {isa = PBXBuildFile; fileRef = 5780FD9225C17C9B002F89F2 /* GetPicksRequest.swift */; };
		5780FD9825C181CC002F89F2 /* SettingViewController.swift in Sources */ = {isa = PBXBuildFile; fileRef = 5780FD9725C181CC002F89F2 /* SettingViewController.swift */; };
		5780FD9C25C1845B002F89F2 /* PushView.swift in Sources */ = {isa = PBXBuildFile; fileRef = 5780FD9B25C1845B002F89F2 /* PushView.swift */; };
		5780FDA025C1AFBE002F89F2 /* EditPushNotificationDeviceRequest.swift in Sources */ = {isa = PBXBuildFile; fileRef = 5780FD9F25C1AFBE002F89F2 /* EditPushNotificationDeviceRequest.swift */; };
		5780FDA425C1C305002F89F2 /* GetVersionRequest.swift in Sources */ = {isa = PBXBuildFile; fileRef = 5780FDA325C1C305002F89F2 /* GetVersionRequest.swift */; };
		5792854A25AF48A10060F00C /* UploadImageRequest.swift in Sources */ = {isa = PBXBuildFile; fileRef = 5792854925AF48A10060F00C /* UploadImageRequest.swift */; };
		5792854D25AF4C750060F00C /* AddPickRequest.swift in Sources */ = {isa = PBXBuildFile; fileRef = 5792854C25AF4C750060F00C /* AddPickRequest.swift */; };
		5792F5B625AB0A2100015FE9 /* Static.swift in Sources */ = {isa = PBXBuildFile; fileRef = 5792F5B525AB0A2100015FE9 /* Static.swift */; };
		5792F5BF25AB493C00015FE9 /* LaunchViewController.swift in Sources */ = {isa = PBXBuildFile; fileRef = 5792F5BE25AB493C00015FE9 /* LaunchViewController.swift */; };
		5792F5C225AB494E00015FE9 /* LoginViewController.swift in Sources */ = {isa = PBXBuildFile; fileRef = 5792F5C125AB494E00015FE9 /* LoginViewController.swift */; };
		5792F5C625AB4BB600015FE9 /* logo.png in Resources */ = {isa = PBXBuildFile; fileRef = 5792F5C525AB4BB600015FE9 /* logo.png */; };
		57A5527625B682BC009EABA3 /* PhotoViewController.swift in Sources */ = {isa = PBXBuildFile; fileRef = 57A5527525B682BC009EABA3 /* PhotoViewController.swift */; };
		57A97D4F25AD6A4300E8F982 /* LogoutRequest.swift in Sources */ = {isa = PBXBuildFile; fileRef = 57A97D4E25AD6A4300E8F982 /* LogoutRequest.swift */; };
		57A97D5525AD9A6E00E8F982 /* NoticeViewController.swift in Sources */ = {isa = PBXBuildFile; fileRef = 57A97D5425AD9A6E00E8F982 /* NoticeViewController.swift */; };
		57A9966825C7E64C0016CDA5 /* PlaceMapViewController.swift in Sources */ = {isa = PBXBuildFile; fileRef = 57A9966725C7E64C0016CDA5 /* PlaceMapViewController.swift */; };
		57A9966F25C815F70016CDA5 /* Comment.swift in Sources */ = {isa = PBXBuildFile; fileRef = 57A9966E25C815F70016CDA5 /* Comment.swift */; };
		57A9967425C8468D0016CDA5 /* CommentView.swift in Sources */ = {isa = PBXBuildFile; fileRef = 57A9967325C8468D0016CDA5 /* CommentView.swift */; };
		57A9967825C860C90016CDA5 /* GetCommentsRequest.swift in Sources */ = {isa = PBXBuildFile; fileRef = 57A9967725C860C90016CDA5 /* GetCommentsRequest.swift */; };
		57A9967B25C86F3A0016CDA5 /* CommentViewController.swift in Sources */ = {isa = PBXBuildFile; fileRef = 57A9967A25C86F3A0016CDA5 /* CommentViewController.swift */; };
		57B0E8E225CA85B500F123E7 /* GetKakaoPlacesRequest.swift in Sources */ = {isa = PBXBuildFile; fileRef = 57B0E8E125CA85B500F123E7 /* GetKakaoPlacesRequest.swift */; };
		57B0E8E525CA870E00F123E7 /* KakaoPlace.swift in Sources */ = {isa = PBXBuildFile; fileRef = 57B0E8E425CA870E00F123E7 /* KakaoPlace.swift */; };
		57B0E8EA25CA899D00F123E7 /* KakaoPlaceTVCell.swift in Sources */ = {isa = PBXBuildFile; fileRef = 57B0E8E925CA899D00F123E7 /* KakaoPlaceTVCell.swift */; };
		57B0E8EE25CAA49D00F123E7 /* SearchPlaceLocationViewController.swift in Sources */ = {isa = PBXBuildFile; fileRef = 57B0E8ED25CAA49D00F123E7 /* SearchPlaceLocationViewController.swift */; };
		57BA5F0925E2407900C8A628 /* PlaceView.swift in Sources */ = {isa = PBXBuildFile; fileRef = 57BA5F0825E2407900C8A628 /* PlaceView.swift */; };
		57BA5F0D25E2588200C8A628 /* PickImageCVCell.swift in Sources */ = {isa = PBXBuildFile; fileRef = 57BA5F0C25E2588200C8A628 /* PickImageCVCell.swift */; };
		57BA5F1325E2CBBB00C8A628 /* RemoveQnaRequest.swift in Sources */ = {isa = PBXBuildFile; fileRef = 57BA5F1225E2CBBB00C8A628 /* RemoveQnaRequest.swift */; };
		57C040D925998CCA00856F61 /* AppDelegate.swift in Sources */ = {isa = PBXBuildFile; fileRef = 57C040D825998CCA00856F61 /* AppDelegate.swift */; };
		57C040DB25998CCA00856F61 /* SceneDelegate.swift in Sources */ = {isa = PBXBuildFile; fileRef = 57C040DA25998CCA00856F61 /* SceneDelegate.swift */; };
		57C040E225998CCB00856F61 /* Assets.xcassets in Resources */ = {isa = PBXBuildFile; fileRef = 57C040E125998CCB00856F61 /* Assets.xcassets */; };
		57C040F92599963800856F61 /* Extension.swift in Sources */ = {isa = PBXBuildFile; fileRef = 57C040F82599963800856F61 /* Extension.swift */; };
		57C040FC259996AD00856F61 /* HomeViewController.swift in Sources */ = {isa = PBXBuildFile; fileRef = 57C040FB259996AD00856F61 /* HomeViewController.swift */; };
		57C040FF259996B600856F61 /* PostingViewController.swift in Sources */ = {isa = PBXBuildFile; fileRef = 57C040FE259996B600856F61 /* PostingViewController.swift */; };
		57C04105259996DF00856F61 /* AccountViewController.swift in Sources */ = {isa = PBXBuildFile; fileRef = 57C04104259996DF00856F61 /* AccountViewController.swift */; };
		57C0410B2599C16800856F61 /* TitleView.swift in Sources */ = {isa = PBXBuildFile; fileRef = 57C0410A2599C16800856F61 /* TitleView.swift */; };
		57C041142599CD7600856F61 /* PhotoGroupView.swift in Sources */ = {isa = PBXBuildFile; fileRef = 57C041132599CD7600856F61 /* PhotoGroupView.swift */; };
		57C041172599CE1000856F61 /* PhotoView.swift in Sources */ = {isa = PBXBuildFile; fileRef = 57C041162599CE1000856F61 /* PhotoView.swift */; };
		57C0411E2599E8A200856F61 /* Place.swift in Sources */ = {isa = PBXBuildFile; fileRef = 57C0411D2599E8A200856F61 /* Place.swift */; };
		57C041262599FA1C00856F61 /* PlaceLargeView.swift in Sources */ = {isa = PBXBuildFile; fileRef = 57C041252599FA1C00856F61 /* PlaceLargeView.swift */; };
		57D68C8E25B579DF00DE8242 /* ImageScrollView.swift in Sources */ = {isa = PBXBuildFile; fileRef = 57D68C8D25B579DF00DE8242 /* ImageScrollView.swift */; };
		57D9552725C3D69100CD2C6F /* PlaceViewController.swift in Sources */ = {isa = PBXBuildFile; fileRef = 57D9552625C3D69100CD2C6F /* PlaceViewController.swift */; };
		57D9552A25C3DBCD00CD2C6F /* GetUsersRequest.swift in Sources */ = {isa = PBXBuildFile; fileRef = 57D9552925C3DBCD00CD2C6F /* GetUsersRequest.swift */; };
		57D9552D25C3DF3200CD2C6F /* SearchUserViewController.swift in Sources */ = {isa = PBXBuildFile; fileRef = 57D9552C25C3DF3200CD2C6F /* SearchUserViewController.swift */; };
		57D9554125C3E25200CD2C6F /* UserTVCell.swift in Sources */ = {isa = PBXBuildFile; fileRef = 57D9554025C3E25200CD2C6F /* UserTVCell.swift */; };
		57D9554425C3F16800CD2C6F /* IconButton.swift in Sources */ = {isa = PBXBuildFile; fileRef = 57D9554325C3F16800CD2C6F /* IconButton.swift */; };
		57D9554825C401B600CD2C6F /* PlaceCVCell.swift in Sources */ = {isa = PBXBuildFile; fileRef = 57D9554725C401B600CD2C6F /* PlaceCVCell.swift */; };
		57D9554C25C4098A00CD2C6F /* UserCVCell.swift in Sources */ = {isa = PBXBuildFile; fileRef = 57D9554B25C4098A00CD2C6F /* UserCVCell.swift */; };
		57D9555325C4445F00CD2C6F /* FollowRequest.swift in Sources */ = {isa = PBXBuildFile; fileRef = 57D9555225C4445F00CD2C6F /* FollowRequest.swift */; };
		57DCD7BA25C2710F0040AC01 /* GetUserRequest.swift in Sources */ = {isa = PBXBuildFile; fileRef = 57DCD7B925C2710F0040AC01 /* GetUserRequest.swift */; };
		57DCD7BE25C27D080040AC01 /* EditUserViewController.swift in Sources */ = {isa = PBXBuildFile; fileRef = 57DCD7BD25C27D080040AC01 /* EditUserViewController.swift */; };
		57DCD7D025C2834D0040AC01 /* EditUserRequest.swift in Sources */ = {isa = PBXBuildFile; fileRef = 57DCD7CF25C2834D0040AC01 /* EditUserRequest.swift */; };
		57DCD7D325C289630040AC01 /* CheckUserNickNameRequest.swift in Sources */ = {isa = PBXBuildFile; fileRef = 57DCD7D225C289630040AC01 /* CheckUserNickNameRequest.swift */; };
		57E32EF225E62B76009AA4C2 /* PickCVCell.swift in Sources */ = {isa = PBXBuildFile; fileRef = 57E32EF125E62B76009AA4C2 /* PickCVCell.swift */; };
		57E9719325E4DAE900D86FC5 /* GetPlaceCommentsRequest.swift in Sources */ = {isa = PBXBuildFile; fileRef = 57E9719225E4DAE900D86FC5 /* GetPlaceCommentsRequest.swift */; };
		57E9719625E4DE1500D86FC5 /* PlaceComment.swift in Sources */ = {isa = PBXBuildFile; fileRef = 57E9719525E4DE1500D86FC5 /* PlaceComment.swift */; };
		57E971A725E4F6F400D86FC5 /* PlaceCommentViewController.swift in Sources */ = {isa = PBXBuildFile; fileRef = 57E971A625E4F6F400D86FC5 /* PlaceCommentViewController.swift */; };
		57E971AA25E50CEA00D86FC5 /* AddPlaceCommentRequest.swift in Sources */ = {isa = PBXBuildFile; fileRef = 57E971A925E50CEA00D86FC5 /* AddPlaceCommentRequest.swift */; };
		57E971AD25E5148D00D86FC5 /* RemovePlaceCommentRequest.swift in Sources */ = {isa = PBXBuildFile; fileRef = 57E971AC25E5148D00D86FC5 /* RemovePlaceCommentRequest.swift */; };
		57EFB3AD25AC01220001CF59 /* LoginRequest.swift in Sources */ = {isa = PBXBuildFile; fileRef = 57EFB3AC25AC01220001CF59 /* LoginRequest.swift */; };
		57EFB3CA25AC22E70001CF59 /* kakao_login_medium_wide.png in Resources */ = {isa = PBXBuildFile; fileRef = 57EFB3C925AC22E70001CF59 /* kakao_login_medium_wide.png */; };
		57EFB3CD25AC26D40001CF59 /* kakao_login_large_wide.png in Resources */ = {isa = PBXBuildFile; fileRef = 57EFB3CC25AC26D40001CF59 /* kakao_login_large_wide.png */; };
		57EFB3D025AC353B0001CF59 /* User.swift in Sources */ = {isa = PBXBuildFile; fileRef = 57EFB3CF25AC353B0001CF59 /* User.swift */; };
		57FB7F8125AC6681007BE142 /* App.swift in Sources */ = {isa = PBXBuildFile; fileRef = 57FB7F8025AC6681007BE142 /* App.swift */; };
/* End PBXBuildFile section */

/* Begin PBXFileReference section */
		5701EFD025BFD22600AA4E0F /* LikePlaceRequest.swift */ = {isa = PBXFileReference; lastKnownFileType = sourcecode.swift; path = LikePlaceRequest.swift; sourceTree = "<group>"; };
		5701EFD425BFE84F00AA4E0F /* AddPlaceRequest.swift */ = {isa = PBXFileReference; lastKnownFileType = sourcecode.swift; path = AddPlaceRequest.swift; sourceTree = "<group>"; };
		570B3ADF25BF333C0028424D /* SearchPlaceViewController.swift */ = {isa = PBXFileReference; lastKnownFileType = sourcecode.swift; path = SearchPlaceViewController.swift; sourceTree = "<group>"; };
		570B3AE425BF34F60028424D /* PlaceMediumView.swift */ = {isa = PBXFileReference; lastKnownFileType = sourcecode.swift; path = PlaceMediumView.swift; sourceTree = "<group>"; };
		5710A7D725CD99E7000C5D8D /* QnaViewController.swift */ = {isa = PBXFileReference; lastKnownFileType = sourcecode.swift; path = QnaViewController.swift; sourceTree = "<group>"; };
		5710A7DB25CDA170000C5D8D /* QnaView.swift */ = {isa = PBXFileReference; lastKnownFileType = sourcecode.swift; path = QnaView.swift; sourceTree = "<group>"; };
		5710A7DE25CDA1D6000C5D8D /* Qna.swift */ = {isa = PBXFileReference; lastKnownFileType = sourcecode.swift; path = Qna.swift; sourceTree = "<group>"; };
		57266D3125C6BE82004C8187 /* MostPickLargeCVCell.swift */ = {isa = PBXFileReference; lastKnownFileType = sourcecode.swift; path = MostPickLargeCVCell.swift; sourceTree = "<group>"; };
		57266D3525C6C3D3004C8187 /* MostPickSmallCVCell.swift */ = {isa = PBXFileReference; lastKnownFileType = sourcecode.swift; path = MostPickSmallCVCell.swift; sourceTree = "<group>"; };
		57266D3F25C70FB8004C8187 /* GetPlaceRequest.swift */ = {isa = PBXFileReference; lastKnownFileType = sourcecode.swift; path = GetPlaceRequest.swift; sourceTree = "<group>"; };
		572D31E025A579AD00A93FD9 /* Pick.swift */ = {isa = PBXFileReference; lastKnownFileType = sourcecode.swift; path = Pick.swift; sourceTree = "<group>"; };
		5738649125BD29F10025AF1A /* HttpResponse.swift */ = {isa = PBXFileReference; lastKnownFileType = sourcecode.swift; path = HttpResponse.swift; sourceTree = "<group>"; };
		5738649825BD325E0025AF1A /* HttpRequest.swift */ = {isa = PBXFileReference; lastKnownFileType = sourcecode.swift; path = HttpRequest.swift; sourceTree = "<group>"; };
		5738649D25BD4E320025AF1A /* MainViewController.swift */ = {isa = PBXFileReference; lastKnownFileType = sourcecode.swift; path = MainViewController.swift; sourceTree = "<group>"; };
		573864A525BD652B0025AF1A /* GetRecentPicksRequest.swift */ = {isa = PBXFileReference; lastKnownFileType = sourcecode.swift; path = GetRecentPicksRequest.swift; sourceTree = "<group>"; };
		573864B625BD93990025AF1A /* GetHotPlacesRequest.swift */ = {isa = PBXFileReference; lastKnownFileType = sourcecode.swift; path = GetHotPlacesRequest.swift; sourceTree = "<group>"; };
		573864C925BDD4A60025AF1A /* MostPick.swift */ = {isa = PBXFileReference; lastKnownFileType = sourcecode.swift; path = MostPick.swift; sourceTree = "<group>"; };
		573864CD25BDDEEE0025AF1A /* LineView.swift */ = {isa = PBXFileReference; lastKnownFileType = sourcecode.swift; path = LineView.swift; sourceTree = "<group>"; };
		573E42EA25CAB69300D6231A /* ParentLocation.swift */ = {isa = PBXFileReference; lastKnownFileType = sourcecode.swift; path = ParentLocation.swift; sourceTree = "<group>"; };
		573E42ED25CAB6DA00D6231A /* ChildLocation.swift */ = {isa = PBXFileReference; lastKnownFileType = sourcecode.swift; path = ChildLocation.swift; sourceTree = "<group>"; };
		573E42FE25CAF67A00D6231A /* RemoveCommentRequest.swift */ = {isa = PBXFileReference; lastKnownFileType = sourcecode.swift; path = RemoveCommentRequest.swift; sourceTree = "<group>"; };
		574ADFB525CBB397001EAC7B /* NoDataView.swift */ = {isa = PBXFileReference; lastKnownFileType = sourcecode.swift; path = NoDataView.swift; sourceTree = "<group>"; };
		5759EBC525BEA1DF007497F6 /* SearchViewController.swift */ = {isa = PBXFileReference; lastKnownFileType = sourcecode.swift; path = SearchViewController.swift; sourceTree = "<group>"; };
		5759EBD625BEE7F4007497F6 /* GetPlacesRequest.swift */ = {isa = PBXFileReference; lastKnownFileType = sourcecode.swift; path = GetPlacesRequest.swift; sourceTree = "<group>"; };
		57755BB225B3F91400CF0849 /* UserNotifications.framework */ = {isa = PBXFileReference; lastKnownFileType = wrapper.framework; name = UserNotifications.framework; path = System/Library/Frameworks/UserNotifications.framework; sourceTree = SDKROOT; };
		57755BB425B3F91D00CF0849 /* PushKit.framework */ = {isa = PBXFileReference; lastKnownFileType = wrapper.framework; name = PushKit.framework; path = System/Library/Frameworks/PushKit.framework; sourceTree = SDKROOT; };
		57755BBC25B43E4D00CF0849 /* AddPushNotificationDeviceRequest.swift */ = {isa = PBXFileReference; lastKnownFileType = sourcecode.swift; path = AddPushNotificationDeviceRequest.swift; sourceTree = "<group>"; };
		57755BCE25B471CD00CF0849 /* GetPushNotificationDeviceRequest.swift */ = {isa = PBXFileReference; lastKnownFileType = sourcecode.swift; path = GetPushNotificationDeviceRequest.swift; sourceTree = "<group>"; };
		57755BD425B47F4B00CF0849 /* PickViewController.swift */ = {isa = PBXFileReference; lastKnownFileType = sourcecode.swift; path = PickViewController.swift; sourceTree = "<group>"; };
		5778BBB525E0DCEE00377A52 /* WriteQnaViewController.swift */ = {isa = PBXFileReference; lastKnownFileType = sourcecode.swift; path = WriteQnaViewController.swift; sourceTree = "<group>"; };
		5778BBB925E0F1F500377A52 /* AddQnaRequest.swift */ = {isa = PBXFileReference; lastKnownFileType = sourcecode.swift; path = AddQnaRequest.swift; sourceTree = "<group>"; };
		5778BBBC25E0F3EA00377A52 /* GetQnasRequest.swift */ = {isa = PBXFileReference; lastKnownFileType = sourcecode.swift; path = GetQnasRequest.swift; sourceTree = "<group>"; };
		577A87CC25C9228900ABC145 /* AddCommentRequest.swift */ = {isa = PBXFileReference; lastKnownFileType = sourcecode.swift; path = AddCommentRequest.swift; sourceTree = "<group>"; };
		577A87D025C9634300ABC145 /* SearchPlaceMapViewController.swift */ = {isa = PBXFileReference; lastKnownFileType = sourcecode.swift; path = SearchPlaceMapViewController.swift; sourceTree = "<group>"; };
		5780FD8E25C13DE0002F89F2 /* PlaceSmallView.swift */ = {isa = PBXFileReference; lastKnownFileType = sourcecode.swift; path = PlaceSmallView.swift; sourceTree = "<group>"; };
		5780FD9225C17C9B002F89F2 /* GetPicksRequest.swift */ = {isa = PBXFileReference; lastKnownFileType = sourcecode.swift; path = GetPicksRequest.swift; sourceTree = "<group>"; };
		5780FD9725C181CC002F89F2 /* SettingViewController.swift */ = {isa = PBXFileReference; lastKnownFileType = sourcecode.swift; path = SettingViewController.swift; sourceTree = "<group>"; };
		5780FD9B25C1845B002F89F2 /* PushView.swift */ = {isa = PBXFileReference; lastKnownFileType = sourcecode.swift; path = PushView.swift; sourceTree = "<group>"; };
		5780FD9F25C1AFBE002F89F2 /* EditPushNotificationDeviceRequest.swift */ = {isa = PBXFileReference; lastKnownFileType = sourcecode.swift; path = EditPushNotificationDeviceRequest.swift; sourceTree = "<group>"; };
		5780FDA325C1C305002F89F2 /* GetVersionRequest.swift */ = {isa = PBXFileReference; lastKnownFileType = sourcecode.swift; path = GetVersionRequest.swift; sourceTree = "<group>"; };
		5792854925AF48A10060F00C /* UploadImageRequest.swift */ = {isa = PBXFileReference; lastKnownFileType = sourcecode.swift; path = UploadImageRequest.swift; sourceTree = "<group>"; };
		5792854C25AF4C750060F00C /* AddPickRequest.swift */ = {isa = PBXFileReference; lastKnownFileType = sourcecode.swift; path = AddPickRequest.swift; sourceTree = "<group>"; };
		5792F5B525AB0A2100015FE9 /* Static.swift */ = {isa = PBXFileReference; lastKnownFileType = sourcecode.swift; path = Static.swift; sourceTree = "<group>"; };
		5792F5BE25AB493C00015FE9 /* LaunchViewController.swift */ = {isa = PBXFileReference; lastKnownFileType = sourcecode.swift; path = LaunchViewController.swift; sourceTree = "<group>"; };
		5792F5C125AB494E00015FE9 /* LoginViewController.swift */ = {isa = PBXFileReference; lastKnownFileType = sourcecode.swift; path = LoginViewController.swift; sourceTree = "<group>"; };
		5792F5C525AB4BB600015FE9 /* logo.png */ = {isa = PBXFileReference; lastKnownFileType = image.png; path = logo.png; sourceTree = "<group>"; };
		57A5527525B682BC009EABA3 /* PhotoViewController.swift */ = {isa = PBXFileReference; lastKnownFileType = sourcecode.swift; path = PhotoViewController.swift; sourceTree = "<group>"; };
		57A97D4E25AD6A4300E8F982 /* LogoutRequest.swift */ = {isa = PBXFileReference; lastKnownFileType = sourcecode.swift; path = LogoutRequest.swift; sourceTree = "<group>"; };
		57A97D5425AD9A6E00E8F982 /* NoticeViewController.swift */ = {isa = PBXFileReference; lastKnownFileType = sourcecode.swift; path = NoticeViewController.swift; sourceTree = "<group>"; };
		57A9966725C7E64C0016CDA5 /* PlaceMapViewController.swift */ = {isa = PBXFileReference; lastKnownFileType = sourcecode.swift; path = PlaceMapViewController.swift; sourceTree = "<group>"; };
		57A9966E25C815F70016CDA5 /* Comment.swift */ = {isa = PBXFileReference; lastKnownFileType = sourcecode.swift; path = Comment.swift; sourceTree = "<group>"; };
		57A9967325C8468D0016CDA5 /* CommentView.swift */ = {isa = PBXFileReference; lastKnownFileType = sourcecode.swift; path = CommentView.swift; sourceTree = "<group>"; };
		57A9967725C860C90016CDA5 /* GetCommentsRequest.swift */ = {isa = PBXFileReference; lastKnownFileType = sourcecode.swift; path = GetCommentsRequest.swift; sourceTree = "<group>"; };
		57A9967A25C86F3A0016CDA5 /* CommentViewController.swift */ = {isa = PBXFileReference; lastKnownFileType = sourcecode.swift; path = CommentViewController.swift; sourceTree = "<group>"; };
		57B0E8E125CA85B500F123E7 /* GetKakaoPlacesRequest.swift */ = {isa = PBXFileReference; lastKnownFileType = sourcecode.swift; path = GetKakaoPlacesRequest.swift; sourceTree = "<group>"; };
		57B0E8E425CA870E00F123E7 /* KakaoPlace.swift */ = {isa = PBXFileReference; lastKnownFileType = sourcecode.swift; path = KakaoPlace.swift; sourceTree = "<group>"; };
		57B0E8E925CA899D00F123E7 /* KakaoPlaceTVCell.swift */ = {isa = PBXFileReference; lastKnownFileType = sourcecode.swift; path = KakaoPlaceTVCell.swift; sourceTree = "<group>"; };
		57B0E8ED25CAA49D00F123E7 /* SearchPlaceLocationViewController.swift */ = {isa = PBXFileReference; lastKnownFileType = sourcecode.swift; path = SearchPlaceLocationViewController.swift; sourceTree = "<group>"; };
		57BA5F0825E2407900C8A628 /* PlaceView.swift */ = {isa = PBXFileReference; lastKnownFileType = sourcecode.swift; path = PlaceView.swift; sourceTree = "<group>"; };
		57BA5F0C25E2588200C8A628 /* PickImageCVCell.swift */ = {isa = PBXFileReference; lastKnownFileType = sourcecode.swift; path = PickImageCVCell.swift; sourceTree = "<group>"; };
		57BA5F1225E2CBBB00C8A628 /* RemoveQnaRequest.swift */ = {isa = PBXFileReference; lastKnownFileType = sourcecode.swift; path = RemoveQnaRequest.swift; sourceTree = "<group>"; };
		57C040D525998CCA00856F61 /* Plapick.app */ = {isa = PBXFileReference; explicitFileType = wrapper.application; includeInIndex = 0; path = Plapick.app; sourceTree = BUILT_PRODUCTS_DIR; };
		57C040D825998CCA00856F61 /* AppDelegate.swift */ = {isa = PBXFileReference; lastKnownFileType = sourcecode.swift; path = AppDelegate.swift; sourceTree = "<group>"; };
		57C040DA25998CCA00856F61 /* SceneDelegate.swift */ = {isa = PBXFileReference; lastKnownFileType = sourcecode.swift; path = SceneDelegate.swift; sourceTree = "<group>"; };
		57C040E125998CCB00856F61 /* Assets.xcassets */ = {isa = PBXFileReference; lastKnownFileType = folder.assetcatalog; path = Assets.xcassets; sourceTree = "<group>"; };
		57C040E625998CCB00856F61 /* Info.plist */ = {isa = PBXFileReference; lastKnownFileType = text.plist.xml; path = Info.plist; sourceTree = "<group>"; };
		57C040F82599963800856F61 /* Extension.swift */ = {isa = PBXFileReference; lastKnownFileType = sourcecode.swift; path = Extension.swift; sourceTree = "<group>"; };
		57C040FB259996AD00856F61 /* HomeViewController.swift */ = {isa = PBXFileReference; lastKnownFileType = sourcecode.swift; path = HomeViewController.swift; sourceTree = "<group>"; };
		57C040FE259996B600856F61 /* PostingViewController.swift */ = {isa = PBXFileReference; lastKnownFileType = sourcecode.swift; path = PostingViewController.swift; sourceTree = "<group>"; };
		57C04104259996DF00856F61 /* AccountViewController.swift */ = {isa = PBXFileReference; lastKnownFileType = sourcecode.swift; path = AccountViewController.swift; sourceTree = "<group>"; };
		57C0410A2599C16800856F61 /* TitleView.swift */ = {isa = PBXFileReference; lastKnownFileType = sourcecode.swift; path = TitleView.swift; sourceTree = "<group>"; };
		57C041132599CD7600856F61 /* PhotoGroupView.swift */ = {isa = PBXFileReference; lastKnownFileType = sourcecode.swift; path = PhotoGroupView.swift; sourceTree = "<group>"; };
		57C041162599CE1000856F61 /* PhotoView.swift */ = {isa = PBXFileReference; lastKnownFileType = sourcecode.swift; path = PhotoView.swift; sourceTree = "<group>"; };
		57C0411D2599E8A200856F61 /* Place.swift */ = {isa = PBXFileReference; lastKnownFileType = sourcecode.swift; path = Place.swift; sourceTree = "<group>"; };
		57C041252599FA1C00856F61 /* PlaceLargeView.swift */ = {isa = PBXFileReference; lastKnownFileType = sourcecode.swift; path = PlaceLargeView.swift; sourceTree = "<group>"; };
		57D68C8D25B579DF00DE8242 /* ImageScrollView.swift */ = {isa = PBXFileReference; lastKnownFileType = sourcecode.swift; path = ImageScrollView.swift; sourceTree = "<group>"; };
		57D9552625C3D69100CD2C6F /* PlaceViewController.swift */ = {isa = PBXFileReference; lastKnownFileType = sourcecode.swift; path = PlaceViewController.swift; sourceTree = "<group>"; };
		57D9552925C3DBCD00CD2C6F /* GetUsersRequest.swift */ = {isa = PBXFileReference; lastKnownFileType = sourcecode.swift; path = GetUsersRequest.swift; sourceTree = "<group>"; };
		57D9552C25C3DF3200CD2C6F /* SearchUserViewController.swift */ = {isa = PBXFileReference; lastKnownFileType = sourcecode.swift; path = SearchUserViewController.swift; sourceTree = "<group>"; };
		57D9554025C3E25200CD2C6F /* UserTVCell.swift */ = {isa = PBXFileReference; lastKnownFileType = sourcecode.swift; path = UserTVCell.swift; sourceTree = "<group>"; };
		57D9554325C3F16800CD2C6F /* IconButton.swift */ = {isa = PBXFileReference; lastKnownFileType = sourcecode.swift; path = IconButton.swift; sourceTree = "<group>"; };
		57D9554725C401B600CD2C6F /* PlaceCVCell.swift */ = {isa = PBXFileReference; lastKnownFileType = sourcecode.swift; path = PlaceCVCell.swift; sourceTree = "<group>"; };
		57D9554B25C4098A00CD2C6F /* UserCVCell.swift */ = {isa = PBXFileReference; lastKnownFileType = sourcecode.swift; path = UserCVCell.swift; sourceTree = "<group>"; };
		57D9555225C4445F00CD2C6F /* FollowRequest.swift */ = {isa = PBXFileReference; lastKnownFileType = sourcecode.swift; path = FollowRequest.swift; sourceTree = "<group>"; };
		57DCD7B925C2710F0040AC01 /* GetUserRequest.swift */ = {isa = PBXFileReference; lastKnownFileType = sourcecode.swift; path = GetUserRequest.swift; sourceTree = "<group>"; };
		57DCD7BD25C27D080040AC01 /* EditUserViewController.swift */ = {isa = PBXFileReference; lastKnownFileType = sourcecode.swift; path = EditUserViewController.swift; sourceTree = "<group>"; };
		57DCD7CF25C2834D0040AC01 /* EditUserRequest.swift */ = {isa = PBXFileReference; lastKnownFileType = sourcecode.swift; path = EditUserRequest.swift; sourceTree = "<group>"; };
		57DCD7D225C289630040AC01 /* CheckUserNickNameRequest.swift */ = {isa = PBXFileReference; lastKnownFileType = sourcecode.swift; path = CheckUserNickNameRequest.swift; sourceTree = "<group>"; };
		57E32EF125E62B76009AA4C2 /* PickCVCell.swift */ = {isa = PBXFileReference; lastKnownFileType = sourcecode.swift; path = PickCVCell.swift; sourceTree = "<group>"; };
		57E9719225E4DAE900D86FC5 /* GetPlaceCommentsRequest.swift */ = {isa = PBXFileReference; lastKnownFileType = sourcecode.swift; path = GetPlaceCommentsRequest.swift; sourceTree = "<group>"; };
		57E9719525E4DE1500D86FC5 /* PlaceComment.swift */ = {isa = PBXFileReference; lastKnownFileType = sourcecode.swift; path = PlaceComment.swift; sourceTree = "<group>"; };
		57E971A625E4F6F400D86FC5 /* PlaceCommentViewController.swift */ = {isa = PBXFileReference; lastKnownFileType = sourcecode.swift; path = PlaceCommentViewController.swift; sourceTree = "<group>"; };
		57E971A925E50CEA00D86FC5 /* AddPlaceCommentRequest.swift */ = {isa = PBXFileReference; lastKnownFileType = sourcecode.swift; path = AddPlaceCommentRequest.swift; sourceTree = "<group>"; };
		57E971AC25E5148D00D86FC5 /* RemovePlaceCommentRequest.swift */ = {isa = PBXFileReference; lastKnownFileType = sourcecode.swift; path = RemovePlaceCommentRequest.swift; sourceTree = "<group>"; };
		57EFB3AA25ABF7570001CF59 /* Plapick.entitlements */ = {isa = PBXFileReference; lastKnownFileType = text.plist.entitlements; path = Plapick.entitlements; sourceTree = "<group>"; };
		57EFB3AC25AC01220001CF59 /* LoginRequest.swift */ = {isa = PBXFileReference; lastKnownFileType = sourcecode.swift; path = LoginRequest.swift; sourceTree = "<group>"; };
		57EFB3C925AC22E70001CF59 /* kakao_login_medium_wide.png */ = {isa = PBXFileReference; lastKnownFileType = image.png; path = kakao_login_medium_wide.png; sourceTree = "<group>"; };
		57EFB3CC25AC26D40001CF59 /* kakao_login_large_wide.png */ = {isa = PBXFileReference; lastKnownFileType = image.png; path = kakao_login_large_wide.png; sourceTree = "<group>"; };
		57EFB3CF25AC353B0001CF59 /* User.swift */ = {isa = PBXFileReference; lastKnownFileType = sourcecode.swift; path = User.swift; sourceTree = "<group>"; };
		57FB7F8025AC6681007BE142 /* App.swift */ = {isa = PBXFileReference; lastKnownFileType = sourcecode.swift; path = App.swift; sourceTree = "<group>"; };
		98CCEE21A20FB68E2894317D /* Pods-Plapick.release.xcconfig */ = {isa = PBXFileReference; includeInIndex = 1; lastKnownFileType = text.xcconfig; name = "Pods-Plapick.release.xcconfig"; path = "Target Support Files/Pods-Plapick/Pods-Plapick.release.xcconfig"; sourceTree = "<group>"; };
		E148BEEB21E068D2533B5BCB /* Pods-Plapick.debug.xcconfig */ = {isa = PBXFileReference; includeInIndex = 1; lastKnownFileType = text.xcconfig; name = "Pods-Plapick.debug.xcconfig"; path = "Target Support Files/Pods-Plapick/Pods-Plapick.debug.xcconfig"; sourceTree = "<group>"; };
		E39571607D70074FC00EBC1F /* Pods_Plapick.framework */ = {isa = PBXFileReference; explicitFileType = wrapper.framework; includeInIndex = 0; path = Pods_Plapick.framework; sourceTree = BUILT_PRODUCTS_DIR; };
/* End PBXFileReference section */

/* Begin PBXFrameworksBuildPhase section */
		57C040D225998CCA00856F61 /* Frameworks */ = {
			isa = PBXFrameworksBuildPhase;
			buildActionMask = 2147483647;
			files = (
				57755BB525B3F91D00CF0849 /* PushKit.framework in Frameworks */,
				57755BB325B3F91400CF0849 /* UserNotifications.framework in Frameworks */,
				253117AEAEF1DA27906323F1 /* Pods_Plapick.framework in Frameworks */,
			);
			runOnlyForDeploymentPostprocessing = 0;
		};
/* End PBXFrameworksBuildPhase section */

/* Begin PBXGroup section */
		5738648F25BD26EE0025AF1A /* Login */ = {
			isa = PBXGroup;
			children = (
				5792F5C125AB494E00015FE9 /* LoginViewController.swift */,
			);
			path = Login;
			sourceTree = "<group>";
		};
		5757008825A5DCBB006D5931 /* HttpConnection */ = {
			isa = PBXGroup;
			children = (
				57DCD7E325C2B4440040AC01 /* Post */,
				57DCD7E225C2B4400040AC01 /* Get */,
				5738649825BD325E0025AF1A /* HttpRequest.swift */,
				5738649125BD29F10025AF1A /* HttpResponse.swift */,
			);
			path = HttpConnection;
			sourceTree = "<group>";
		};
		5792F5B425AB0A1400015FE9 /* Base */ = {
			isa = PBXGroup;
			children = (
				57C040F82599963800856F61 /* Extension.swift */,
				5792F5B525AB0A2100015FE9 /* Static.swift */,
				57FB7F8025AC6681007BE142 /* App.swift */,
			);
			path = Base;
			sourceTree = "<group>";
		};
		5792F5C425AB4BA800015FE9 /* Image */ = {
			isa = PBXGroup;
			children = (
				57EFB3CC25AC26D40001CF59 /* kakao_login_large_wide.png */,
				57EFB3C925AC22E70001CF59 /* kakao_login_medium_wide.png */,
				5792F5C525AB4BB600015FE9 /* logo.png */,
			);
			path = Image;
			sourceTree = "<group>";
		};
		57C040CC25998CCA00856F61 = {
			isa = PBXGroup;
			children = (
				57C040D725998CCA00856F61 /* Plapick */,
				57C040D625998CCA00856F61 /* Products */,
				E3FFA19708C301F7D849ED8D /* Pods */,
				C2EB320CE637E17A414B8B3B /* Frameworks */,
			);
			sourceTree = "<group>";
		};
		57C040D625998CCA00856F61 /* Products */ = {
			isa = PBXGroup;
			children = (
				57C040D525998CCA00856F61 /* Plapick.app */,
			);
			name = Products;
			sourceTree = "<group>";
		};
		57C040D725998CCA00856F61 /* Plapick */ = {
			isa = PBXGroup;
			children = (
				57EFB3AA25ABF7570001CF59 /* Plapick.entitlements */,
				5792F5C425AB4BA800015FE9 /* Image */,
				5792F5B425AB0A1400015FE9 /* Base */,
				5757008825A5DCBB006D5931 /* HttpConnection */,
				57C0410E2599C84400856F61 /* Model */,
				57C040F025998DAD00856F61 /* Controller */,
				57C041092599C15D00856F61 /* View */,
				57C0412B259A0B0B00856F61 /* Cell */,
				57C040D825998CCA00856F61 /* AppDelegate.swift */,
				57C040DA25998CCA00856F61 /* SceneDelegate.swift */,
				57C040E125998CCB00856F61 /* Assets.xcassets */,
				57C040E625998CCB00856F61 /* Info.plist */,
			);
			path = Plapick;
			sourceTree = "<group>";
		};
		57C040F025998DAD00856F61 /* Controller */ = {
			isa = PBXGroup;
			children = (
				57D9552F25C3DF6D00CD2C6F /* Search */,
				57C040F125998DB500856F61 /* Main */,
				5738648F25BD26EE0025AF1A /* Login */,
				5780FD9725C181CC002F89F2 /* SettingViewController.swift */,
				57DCD7BD25C27D080040AC01 /* EditUserViewController.swift */,
				57A5527525B682BC009EABA3 /* PhotoViewController.swift */,
				57D9552625C3D69100CD2C6F /* PlaceViewController.swift */,
				57A9966725C7E64C0016CDA5 /* PlaceMapViewController.swift */,
				57A9967A25C86F3A0016CDA5 /* CommentViewController.swift */,
				5710A7D725CD99E7000C5D8D /* QnaViewController.swift */,
				5778BBB525E0DCEE00377A52 /* WriteQnaViewController.swift */,
				57755BD425B47F4B00CF0849 /* PickViewController.swift */,
				57E971A625E4F6F400D86FC5 /* PlaceCommentViewController.swift */,
			);
			path = Controller;
			sourceTree = "<group>";
		};
		57C040F125998DB500856F61 /* Main */ = {
			isa = PBXGroup;
			children = (
				5792F5BE25AB493C00015FE9 /* LaunchViewController.swift */,
				5738649D25BD4E320025AF1A /* MainViewController.swift */,
				57C040FB259996AD00856F61 /* HomeViewController.swift */,
				5759EBC525BEA1DF007497F6 /* SearchViewController.swift */,
				57C040FE259996B600856F61 /* PostingViewController.swift */,
				57A97D5425AD9A6E00E8F982 /* NoticeViewController.swift */,
				57C04104259996DF00856F61 /* AccountViewController.swift */,
			);
			path = Main;
			sourceTree = "<group>";
		};
		57C041092599C15D00856F61 /* View */ = {
			isa = PBXGroup;
			children = (
				573864CD25BDDEEE0025AF1A /* LineView.swift */,
				57C0410A2599C16800856F61 /* TitleView.swift */,
				57C041162599CE1000856F61 /* PhotoView.swift */,
				57C041132599CD7600856F61 /* PhotoGroupView.swift */,
				57BA5F0825E2407900C8A628 /* PlaceView.swift */,
				5780FD8E25C13DE0002F89F2 /* PlaceSmallView.swift */,
				570B3AE425BF34F60028424D /* PlaceMediumView.swift */,
				57C041252599FA1C00856F61 /* PlaceLargeView.swift */,
				5780FD9B25C1845B002F89F2 /* PushView.swift */,
				57D9554325C3F16800CD2C6F /* IconButton.swift */,
				57A9967325C8468D0016CDA5 /* CommentView.swift */,
				57D68C8D25B579DF00DE8242 /* ImageScrollView.swift */,
				574ADFB525CBB397001EAC7B /* NoDataView.swift */,
				5710A7DB25CDA170000C5D8D /* QnaView.swift */,
			);
			path = View;
			sourceTree = "<group>";
		};
		57C0410E2599C84400856F61 /* Model */ = {
			isa = PBXGroup;
			children = (
				57EFB3CF25AC353B0001CF59 /* User.swift */,
				57C0411D2599E8A200856F61 /* Place.swift */,
				57B0E8E425CA870E00F123E7 /* KakaoPlace.swift */,
				572D31E025A579AD00A93FD9 /* Pick.swift */,
				573864C925BDD4A60025AF1A /* MostPick.swift */,
				57A9966E25C815F70016CDA5 /* Comment.swift */,
				573E42EA25CAB69300D6231A /* ParentLocation.swift */,
				573E42ED25CAB6DA00D6231A /* ChildLocation.swift */,
				5710A7DE25CDA1D6000C5D8D /* Qna.swift */,
				57E9719525E4DE1500D86FC5 /* PlaceComment.swift */,
			);
			path = Model;
			sourceTree = "<group>";
		};
		57C0412B259A0B0B00856F61 /* Cell */ = {
			isa = PBXGroup;
			children = (
				57D9554025C3E25200CD2C6F /* UserTVCell.swift */,
				57D9554B25C4098A00CD2C6F /* UserCVCell.swift */,
				57D9554725C401B600CD2C6F /* PlaceCVCell.swift */,
				57B0E8E925CA899D00F123E7 /* KakaoPlaceTVCell.swift */,
				57266D3525C6C3D3004C8187 /* MostPickSmallCVCell.swift */,
				57266D3125C6BE82004C8187 /* MostPickLargeCVCell.swift */,
				57E32EF125E62B76009AA4C2 /* PickCVCell.swift */,
				57BA5F0C25E2588200C8A628 /* PickImageCVCell.swift */,
			);
			path = Cell;
			sourceTree = "<group>";
		};
		57D9552F25C3DF6D00CD2C6F /* Search */ = {
			isa = PBXGroup;
			children = (
				570B3ADF25BF333C0028424D /* SearchPlaceViewController.swift */,
				57B0E8ED25CAA49D00F123E7 /* SearchPlaceLocationViewController.swift */,
				577A87D025C9634300ABC145 /* SearchPlaceMapViewController.swift */,
				57D9552C25C3DF3200CD2C6F /* SearchUserViewController.swift */,
			);
			path = Search;
			sourceTree = "<group>";
		};
		57DCD7E225C2B4400040AC01 /* Get */ = {
			isa = PBXGroup;
			children = (
				57D9552925C3DBCD00CD2C6F /* GetUsersRequest.swift */,
				57DCD7B925C2710F0040AC01 /* GetUserRequest.swift */,
				5759EBD625BEE7F4007497F6 /* GetPlacesRequest.swift */,
				57266D3F25C70FB8004C8187 /* GetPlaceRequest.swift */,
				573864B625BD93990025AF1A /* GetHotPlacesRequest.swift */,
				57B0E8E125CA85B500F123E7 /* GetKakaoPlacesRequest.swift */,
				5780FD9225C17C9B002F89F2 /* GetPicksRequest.swift */,
				573864A525BD652B0025AF1A /* GetRecentPicksRequest.swift */,
				5780FDA325C1C305002F89F2 /* GetVersionRequest.swift */,
				57755BCE25B471CD00CF0849 /* GetPushNotificationDeviceRequest.swift */,
				57A9967725C860C90016CDA5 /* GetCommentsRequest.swift */,
				5778BBBC25E0F3EA00377A52 /* GetQnasRequest.swift */,
				57E9719225E4DAE900D86FC5 /* GetPlaceCommentsRequest.swift */,
			);
			path = Get;
			sourceTree = "<group>";
		};
		57DCD7E325C2B4440040AC01 /* Post */ = {
			isa = PBXGroup;
			children = (
				57EFB3AC25AC01220001CF59 /* LoginRequest.swift */,
				57A97D4E25AD6A4300E8F982 /* LogoutRequest.swift */,
				57DCD7CF25C2834D0040AC01 /* EditUserRequest.swift */,
				57D9555225C4445F00CD2C6F /* FollowRequest.swift */,
				5701EFD425BFE84F00AA4E0F /* AddPlaceRequest.swift */,
				5701EFD025BFD22600AA4E0F /* LikePlaceRequest.swift */,
				5792854C25AF4C750060F00C /* AddPickRequest.swift */,
				57DCD7D225C289630040AC01 /* CheckUserNickNameRequest.swift */,
				57755BBC25B43E4D00CF0849 /* AddPushNotificationDeviceRequest.swift */,
				5780FD9F25C1AFBE002F89F2 /* EditPushNotificationDeviceRequest.swift */,
				5792854925AF48A10060F00C /* UploadImageRequest.swift */,
				577A87CC25C9228900ABC145 /* AddCommentRequest.swift */,
				573E42FE25CAF67A00D6231A /* RemoveCommentRequest.swift */,
				5778BBB925E0F1F500377A52 /* AddQnaRequest.swift */,
				57BA5F1225E2CBBB00C8A628 /* RemoveQnaRequest.swift */,
				57E971A925E50CEA00D86FC5 /* AddPlaceCommentRequest.swift */,
				57E971AC25E5148D00D86FC5 /* RemovePlaceCommentRequest.swift */,
			);
			path = Post;
			sourceTree = "<group>";
		};
		C2EB320CE637E17A414B8B3B /* Frameworks */ = {
			isa = PBXGroup;
			children = (
				57755BB425B3F91D00CF0849 /* PushKit.framework */,
				57755BB225B3F91400CF0849 /* UserNotifications.framework */,
				E39571607D70074FC00EBC1F /* Pods_Plapick.framework */,
			);
			name = Frameworks;
			sourceTree = "<group>";
		};
		E3FFA19708C301F7D849ED8D /* Pods */ = {
			isa = PBXGroup;
			children = (
				E148BEEB21E068D2533B5BCB /* Pods-Plapick.debug.xcconfig */,
				98CCEE21A20FB68E2894317D /* Pods-Plapick.release.xcconfig */,
			);
			path = Pods;
			sourceTree = "<group>";
		};
/* End PBXGroup section */

/* Begin PBXNativeTarget section */
		57C040D425998CCA00856F61 /* Plapick */ = {
			isa = PBXNativeTarget;
			buildConfigurationList = 57C040E925998CCB00856F61 /* Build configuration list for PBXNativeTarget "Plapick" */;
			buildPhases = (
				7CEC3A5F9E2338CA7F226E1B /* [CP] Check Pods Manifest.lock */,
				57C040D125998CCA00856F61 /* Sources */,
				57C040D225998CCA00856F61 /* Frameworks */,
				57C040D325998CCA00856F61 /* Resources */,
				DAA099C33654770C3B185591 /* [CP] Embed Pods Frameworks */,
			);
			buildRules = (
			);
			dependencies = (
			);
			name = Plapick;
			productName = Plapick;
			productReference = 57C040D525998CCA00856F61 /* Plapick.app */;
			productType = "com.apple.product-type.application";
		};
/* End PBXNativeTarget section */

/* Begin PBXProject section */
		57C040CD25998CCA00856F61 /* Project object */ = {
			isa = PBXProject;
			attributes = {
				LastSwiftUpdateCheck = 1230;
				LastUpgradeCheck = 1230;
				TargetAttributes = {
					57C040D425998CCA00856F61 = {
						CreatedOnToolsVersion = 12.3;
					};
				};
			};
			buildConfigurationList = 57C040D025998CCA00856F61 /* Build configuration list for PBXProject "Plapick" */;
			compatibilityVersion = "Xcode 9.3";
			developmentRegion = en;
			hasScannedForEncodings = 0;
			knownRegions = (
				en,
				Base,
			);
			mainGroup = 57C040CC25998CCA00856F61;
			productRefGroup = 57C040D625998CCA00856F61 /* Products */;
			projectDirPath = "";
			projectRoot = "";
			targets = (
				57C040D425998CCA00856F61 /* Plapick */,
			);
		};
/* End PBXProject section */

/* Begin PBXResourcesBuildPhase section */
		57C040D325998CCA00856F61 /* Resources */ = {
			isa = PBXResourcesBuildPhase;
			buildActionMask = 2147483647;
			files = (
				5792F5C625AB4BB600015FE9 /* logo.png in Resources */,
				57EFB3CA25AC22E70001CF59 /* kakao_login_medium_wide.png in Resources */,
				57EFB3CD25AC26D40001CF59 /* kakao_login_large_wide.png in Resources */,
				57C040E225998CCB00856F61 /* Assets.xcassets in Resources */,
			);
			runOnlyForDeploymentPostprocessing = 0;
		};
/* End PBXResourcesBuildPhase section */

/* Begin PBXShellScriptBuildPhase section */
		7CEC3A5F9E2338CA7F226E1B /* [CP] Check Pods Manifest.lock */ = {
			isa = PBXShellScriptBuildPhase;
			buildActionMask = 2147483647;
			files = (
			);
			inputFileListPaths = (
			);
			inputPaths = (
				"${PODS_PODFILE_DIR_PATH}/Podfile.lock",
				"${PODS_ROOT}/Manifest.lock",
			);
			name = "[CP] Check Pods Manifest.lock";
			outputFileListPaths = (
			);
			outputPaths = (
				"$(DERIVED_FILE_DIR)/Pods-Plapick-checkManifestLockResult.txt",
			);
			runOnlyForDeploymentPostprocessing = 0;
			shellPath = /bin/sh;
			shellScript = "diff \"${PODS_PODFILE_DIR_PATH}/Podfile.lock\" \"${PODS_ROOT}/Manifest.lock\" > /dev/null\nif [ $? != 0 ] ; then\n    # print error to STDERR\n    echo \"error: The sandbox is not in sync with the Podfile.lock. Run 'pod install' or update your CocoaPods installation.\" >&2\n    exit 1\nfi\n# This output is used by Xcode 'outputs' to avoid re-running this script phase.\necho \"SUCCESS\" > \"${SCRIPT_OUTPUT_FILE_0}\"\n";
			showEnvVarsInLog = 0;
		};
		DAA099C33654770C3B185591 /* [CP] Embed Pods Frameworks */ = {
			isa = PBXShellScriptBuildPhase;
			buildActionMask = 2147483647;
			files = (
			);
			inputFileListPaths = (
				"${PODS_ROOT}/Target Support Files/Pods-Plapick/Pods-Plapick-frameworks-${CONFIGURATION}-input-files.xcfilelist",
			);
			name = "[CP] Embed Pods Frameworks";
			outputFileListPaths = (
				"${PODS_ROOT}/Target Support Files/Pods-Plapick/Pods-Plapick-frameworks-${CONFIGURATION}-output-files.xcfilelist",
			);
			runOnlyForDeploymentPostprocessing = 0;
			shellPath = /bin/sh;
			shellScript = "\"${PODS_ROOT}/Target Support Files/Pods-Plapick/Pods-Plapick-frameworks.sh\"\n";
			showEnvVarsInLog = 0;
		};
/* End PBXShellScriptBuildPhase section */

/* Begin PBXSourcesBuildPhase section */
		57C040D125998CCA00856F61 /* Sources */ = {
			isa = PBXSourcesBuildPhase;
			buildActionMask = 2147483647;
			files = (
				577A87CD25C9228900ABC145 /* AddCommentRequest.swift in Sources */,
				5792F5BF25AB493C00015FE9 /* LaunchViewController.swift in Sources */,
				573864CA25BDD4A60025AF1A /* MostPick.swift in Sources */,
				5778BBBD25E0F3EA00377A52 /* GetQnasRequest.swift in Sources */,
				57E971A725E4F6F400D86FC5 /* PlaceCommentViewController.swift in Sources */,
				57D68C8E25B579DF00DE8242 /* ImageScrollView.swift in Sources */,
				573E42FF25CAF67A00D6231A /* RemoveCommentRequest.swift in Sources */,
				573E42EB25CAB69300D6231A /* ParentLocation.swift in Sources */,
				570B3AE025BF333C0028424D /* SearchPlaceViewController.swift in Sources */,
				57C040FC259996AD00856F61 /* HomeViewController.swift in Sources */,
				57D9552725C3D69100CD2C6F /* PlaceViewController.swift in Sources */,
				57A9966F25C815F70016CDA5 /* Comment.swift in Sources */,
				57FB7F8125AC6681007BE142 /* App.swift in Sources */,
				57755BD525B47F4B00CF0849 /* PickViewController.swift in Sources */,
				57B0E8E225CA85B500F123E7 /* GetKakaoPlacesRequest.swift in Sources */,
				57266D3225C6BE82004C8187 /* MostPickLargeCVCell.swift in Sources */,
				57B0E8EE25CAA49D00F123E7 /* SearchPlaceLocationViewController.swift in Sources */,
				5780FDA025C1AFBE002F89F2 /* EditPushNotificationDeviceRequest.swift in Sources */,
				57C04105259996DF00856F61 /* AccountViewController.swift in Sources */,
				57D9554425C3F16800CD2C6F /* IconButton.swift in Sources */,
				570B3AE525BF34F60028424D /* PlaceMediumView.swift in Sources */,
				57C041172599CE1000856F61 /* PhotoView.swift in Sources */,
				5780FD9325C17C9B002F89F2 /* GetPicksRequest.swift in Sources */,
				573864B725BD93990025AF1A /* GetHotPlacesRequest.swift in Sources */,
				5701EFD125BFD22600AA4E0F /* LikePlaceRequest.swift in Sources */,
				57266D4025C70FB8004C8187 /* GetPlaceRequest.swift in Sources */,
				577A87D125C9634300ABC145 /* SearchPlaceMapViewController.swift in Sources */,
				57A9967825C860C90016CDA5 /* GetCommentsRequest.swift in Sources */,
				57D9555325C4445F00CD2C6F /* FollowRequest.swift in Sources */,
				5778BBBA25E0F1F500377A52 /* AddQnaRequest.swift in Sources */,
				57A9967B25C86F3A0016CDA5 /* CommentViewController.swift in Sources */,
				57D9554C25C4098A00CD2C6F /* UserCVCell.swift in Sources */,
				57C040D925998CCA00856F61 /* AppDelegate.swift in Sources */,
				57A9966825C7E64C0016CDA5 /* PlaceMapViewController.swift in Sources */,
				5792854D25AF4C750060F00C /* AddPickRequest.swift in Sources */,
				57DCD7D325C289630040AC01 /* CheckUserNickNameRequest.swift in Sources */,
				5792F5C225AB494E00015FE9 /* LoginViewController.swift in Sources */,
				5759EBD725BEE7F4007497F6 /* GetPlacesRequest.swift in Sources */,
				5710A7D825CD99E7000C5D8D /* QnaViewController.swift in Sources */,
				57D9554825C401B600CD2C6F /* PlaceCVCell.swift in Sources */,
				57E9719625E4DE1500D86FC5 /* PlaceComment.swift in Sources */,
				57E32EF225E62B76009AA4C2 /* PickCVCell.swift in Sources */,
				57755BBD25B43E4D00CF0849 /* AddPushNotificationDeviceRequest.swift in Sources */,
				573864CE25BDDEEE0025AF1A /* LineView.swift in Sources */,
				57C0411E2599E8A200856F61 /* Place.swift in Sources */,
				57D9554125C3E25200CD2C6F /* UserTVCell.swift in Sources */,
				5780FD9825C181CC002F89F2 /* SettingViewController.swift in Sources */,
				57E9719325E4DAE900D86FC5 /* GetPlaceCommentsRequest.swift in Sources */,
				57266D3625C6C3D3004C8187 /* MostPickSmallCVCell.swift in Sources */,
				573864A625BD652B0025AF1A /* GetRecentPicksRequest.swift in Sources */,
				57EFB3AD25AC01220001CF59 /* LoginRequest.swift in Sources */,
				57BA5F1325E2CBBB00C8A628 /* RemoveQnaRequest.swift in Sources */,
				57C040DB25998CCA00856F61 /* SceneDelegate.swift in Sources */,
				57A5527625B682BC009EABA3 /* PhotoViewController.swift in Sources */,
				57C0410B2599C16800856F61 /* TitleView.swift in Sources */,
				5759EBC625BEA1DF007497F6 /* SearchViewController.swift in Sources */,
				5778BBB625E0DCEE00377A52 /* WriteQnaViewController.swift in Sources */,
				5710A7DF25CDA1D6000C5D8D /* Qna.swift in Sources */,
				5701EFD525BFE84F00AA4E0F /* AddPlaceRequest.swift in Sources */,
				57DCD7BA25C2710F0040AC01 /* GetUserRequest.swift in Sources */,
				5780FD8F25C13DE0002F89F2 /* PlaceSmallView.swift in Sources */,
				57D9552D25C3DF3200CD2C6F /* SearchUserViewController.swift in Sources */,
				57BA5F0925E2407900C8A628 /* PlaceView.swift in Sources */,
				5780FD9C25C1845B002F89F2 /* PushView.swift in Sources */,
				57755BCF25B471CD00CF0849 /* GetPushNotificationDeviceRequest.swift in Sources */,
				57BA5F0D25E2588200C8A628 /* PickImageCVCell.swift in Sources */,
				5780FDA425C1C305002F89F2 /* GetVersionRequest.swift in Sources */,
				57E971AA25E50CEA00D86FC5 /* AddPlaceCommentRequest.swift in Sources */,
				57A9967425C8468D0016CDA5 /* CommentView.swift in Sources */,
				57D9552A25C3DBCD00CD2C6F /* GetUsersRequest.swift in Sources */,
				5738649E25BD4E320025AF1A /* MainViewController.swift in Sources */,
				57A97D5525AD9A6E00E8F982 /* NoticeViewController.swift in Sources */,
				57C041142599CD7600856F61 /* PhotoGroupView.swift in Sources */,
				57B0E8EA25CA899D00F123E7 /* KakaoPlaceTVCell.swift in Sources */,
				57E971AD25E5148D00D86FC5 /* RemovePlaceCommentRequest.swift in Sources */,
				57B0E8E525CA870E00F123E7 /* KakaoPlace.swift in Sources */,
				57DCD7D025C2834D0040AC01 /* EditUserRequest.swift in Sources */,
				57DCD7BE25C27D080040AC01 /* EditUserViewController.swift in Sources */,
				5710A7DC25CDA170000C5D8D /* QnaView.swift in Sources */,
				57A97D4F25AD6A4300E8F982 /* LogoutRequest.swift in Sources */,
				5738649225BD29F10025AF1A /* HttpResponse.swift in Sources */,
				573E42EE25CAB6DA00D6231A /* ChildLocation.swift in Sources */,
				572D31E125A579AD00A93FD9 /* Pick.swift in Sources */,
				57C041262599FA1C00856F61 /* PlaceLargeView.swift in Sources */,
				574ADFB625CBB397001EAC7B /* NoDataView.swift in Sources */,
				57C040F92599963800856F61 /* Extension.swift in Sources */,
				57C040FF259996B600856F61 /* PostingViewController.swift in Sources */,
				5792854A25AF48A10060F00C /* UploadImageRequest.swift in Sources */,
				5792F5B625AB0A2100015FE9 /* Static.swift in Sources */,
				57EFB3D025AC353B0001CF59 /* User.swift in Sources */,
				5738649925BD325E0025AF1A /* HttpRequest.swift in Sources */,
			);
			runOnlyForDeploymentPostprocessing = 0;
		};
/* End PBXSourcesBuildPhase section */

/* Begin XCBuildConfiguration section */
		57C040E725998CCB00856F61 /* Debug */ = {
			isa = XCBuildConfiguration;
			buildSettings = {
				ALWAYS_SEARCH_USER_PATHS = NO;
				CLANG_ANALYZER_NONNULL = YES;
				CLANG_ANALYZER_NUMBER_OBJECT_CONVERSION = YES_AGGRESSIVE;
				CLANG_CXX_LANGUAGE_STANDARD = "gnu++14";
				CLANG_CXX_LIBRARY = "libc++";
				CLANG_ENABLE_MODULES = YES;
				CLANG_ENABLE_OBJC_ARC = YES;
				CLANG_ENABLE_OBJC_WEAK = YES;
				CLANG_WARN_BLOCK_CAPTURE_AUTORELEASING = YES;
				CLANG_WARN_BOOL_CONVERSION = YES;
				CLANG_WARN_COMMA = YES;
				CLANG_WARN_CONSTANT_CONVERSION = YES;
				CLANG_WARN_DEPRECATED_OBJC_IMPLEMENTATIONS = YES;
				CLANG_WARN_DIRECT_OBJC_ISA_USAGE = YES_ERROR;
				CLANG_WARN_DOCUMENTATION_COMMENTS = YES;
				CLANG_WARN_EMPTY_BODY = YES;
				CLANG_WARN_ENUM_CONVERSION = YES;
				CLANG_WARN_INFINITE_RECURSION = YES;
				CLANG_WARN_INT_CONVERSION = YES;
				CLANG_WARN_NON_LITERAL_NULL_CONVERSION = YES;
				CLANG_WARN_OBJC_IMPLICIT_RETAIN_SELF = YES;
				CLANG_WARN_OBJC_LITERAL_CONVERSION = YES;
				CLANG_WARN_OBJC_ROOT_CLASS = YES_ERROR;
				CLANG_WARN_QUOTED_INCLUDE_IN_FRAMEWORK_HEADER = YES;
				CLANG_WARN_RANGE_LOOP_ANALYSIS = YES;
				CLANG_WARN_STRICT_PROTOTYPES = YES;
				CLANG_WARN_SUSPICIOUS_MOVE = YES;
				CLANG_WARN_UNGUARDED_AVAILABILITY = YES_AGGRESSIVE;
				CLANG_WARN_UNREACHABLE_CODE = YES;
				CLANG_WARN__DUPLICATE_METHOD_MATCH = YES;
				COPY_PHASE_STRIP = NO;
				DEBUG_INFORMATION_FORMAT = dwarf;
				ENABLE_STRICT_OBJC_MSGSEND = YES;
				ENABLE_TESTABILITY = YES;
				GCC_C_LANGUAGE_STANDARD = gnu11;
				GCC_DYNAMIC_NO_PIC = NO;
				GCC_NO_COMMON_BLOCKS = YES;
				GCC_OPTIMIZATION_LEVEL = 0;
				GCC_PREPROCESSOR_DEFINITIONS = (
					"DEBUG=1",
					"$(inherited)",
				);
				GCC_WARN_64_TO_32_BIT_CONVERSION = YES;
				GCC_WARN_ABOUT_RETURN_TYPE = YES_ERROR;
				GCC_WARN_UNDECLARED_SELECTOR = YES;
				GCC_WARN_UNINITIALIZED_AUTOS = YES_AGGRESSIVE;
				GCC_WARN_UNUSED_FUNCTION = YES;
				GCC_WARN_UNUSED_VARIABLE = YES;
				IPHONEOS_DEPLOYMENT_TARGET = 13.0;
				MTL_ENABLE_DEBUG_INFO = INCLUDE_SOURCE;
				MTL_FAST_MATH = YES;
				ONLY_ACTIVE_ARCH = YES;
				SDKROOT = iphoneos;
				SWIFT_ACTIVE_COMPILATION_CONDITIONS = DEBUG;
				SWIFT_OPTIMIZATION_LEVEL = "-Onone";
			};
			name = Debug;
		};
		57C040E825998CCB00856F61 /* Release */ = {
			isa = XCBuildConfiguration;
			buildSettings = {
				ALWAYS_SEARCH_USER_PATHS = NO;
				CLANG_ANALYZER_NONNULL = YES;
				CLANG_ANALYZER_NUMBER_OBJECT_CONVERSION = YES_AGGRESSIVE;
				CLANG_CXX_LANGUAGE_STANDARD = "gnu++14";
				CLANG_CXX_LIBRARY = "libc++";
				CLANG_ENABLE_MODULES = YES;
				CLANG_ENABLE_OBJC_ARC = YES;
				CLANG_ENABLE_OBJC_WEAK = YES;
				CLANG_WARN_BLOCK_CAPTURE_AUTORELEASING = YES;
				CLANG_WARN_BOOL_CONVERSION = YES;
				CLANG_WARN_COMMA = YES;
				CLANG_WARN_CONSTANT_CONVERSION = YES;
				CLANG_WARN_DEPRECATED_OBJC_IMPLEMENTATIONS = YES;
				CLANG_WARN_DIRECT_OBJC_ISA_USAGE = YES_ERROR;
				CLANG_WARN_DOCUMENTATION_COMMENTS = YES;
				CLANG_WARN_EMPTY_BODY = YES;
				CLANG_WARN_ENUM_CONVERSION = YES;
				CLANG_WARN_INFINITE_RECURSION = YES;
				CLANG_WARN_INT_CONVERSION = YES;
				CLANG_WARN_NON_LITERAL_NULL_CONVERSION = YES;
				CLANG_WARN_OBJC_IMPLICIT_RETAIN_SELF = YES;
				CLANG_WARN_OBJC_LITERAL_CONVERSION = YES;
				CLANG_WARN_OBJC_ROOT_CLASS = YES_ERROR;
				CLANG_WARN_QUOTED_INCLUDE_IN_FRAMEWORK_HEADER = YES;
				CLANG_WARN_RANGE_LOOP_ANALYSIS = YES;
				CLANG_WARN_STRICT_PROTOTYPES = YES;
				CLANG_WARN_SUSPICIOUS_MOVE = YES;
				CLANG_WARN_UNGUARDED_AVAILABILITY = YES_AGGRESSIVE;
				CLANG_WARN_UNREACHABLE_CODE = YES;
				CLANG_WARN__DUPLICATE_METHOD_MATCH = YES;
				COPY_PHASE_STRIP = NO;
				DEBUG_INFORMATION_FORMAT = "dwarf-with-dsym";
				ENABLE_NS_ASSERTIONS = NO;
				ENABLE_STRICT_OBJC_MSGSEND = YES;
				GCC_C_LANGUAGE_STANDARD = gnu11;
				GCC_NO_COMMON_BLOCKS = YES;
				GCC_WARN_64_TO_32_BIT_CONVERSION = YES;
				GCC_WARN_ABOUT_RETURN_TYPE = YES_ERROR;
				GCC_WARN_UNDECLARED_SELECTOR = YES;
				GCC_WARN_UNINITIALIZED_AUTOS = YES_AGGRESSIVE;
				GCC_WARN_UNUSED_FUNCTION = YES;
				GCC_WARN_UNUSED_VARIABLE = YES;
				IPHONEOS_DEPLOYMENT_TARGET = 13.0;
				MTL_ENABLE_DEBUG_INFO = NO;
				MTL_FAST_MATH = YES;
				SDKROOT = iphoneos;
				SWIFT_COMPILATION_MODE = wholemodule;
				SWIFT_OPTIMIZATION_LEVEL = "-O";
				VALIDATE_PRODUCT = YES;
			};
			name = Release;
		};
		57C040EA25998CCB00856F61 /* Debug */ = {
			isa = XCBuildConfiguration;
			baseConfigurationReference = E148BEEB21E068D2533B5BCB /* Pods-Plapick.debug.xcconfig */;
			buildSettings = {
				ASSETCATALOG_COMPILER_APPICON_NAME = AppIcon;
				ASSETCATALOG_COMPILER_GLOBAL_ACCENT_COLOR_NAME = AccentColor;
				CODE_SIGN_ENTITLEMENTS = Plapick/Plapick.entitlements;
				CODE_SIGN_IDENTITY = "iPhone Developer";
				CODE_SIGN_STYLE = Manual;
				CURRENT_PROJECT_VERSION = 11;
				DEVELOPMENT_TEAM = 364WTC934M;
				INFOPLIST_FILE = Plapick/Info.plist;
				LD_RUNPATH_SEARCH_PATHS = (
					"$(inherited)",
					"@executable_path/Frameworks",
				);
				MARKETING_VERSION = 1.1;
				PRODUCT_BUNDLE_IDENTIFIER = com.logicador.Plapick;
				PRODUCT_NAME = "$(TARGET_NAME)";
				PROVISIONING_PROFILE_SPECIFIER = "Plapick Profile";
				SWIFT_VERSION = 5.0;
				TARGETED_DEVICE_FAMILY = "1,2";
			};
			name = Debug;
		};
		57C040EB25998CCB00856F61 /* Release */ = {
			isa = XCBuildConfiguration;
			baseConfigurationReference = 98CCEE21A20FB68E2894317D /* Pods-Plapick.release.xcconfig */;
			buildSettings = {
				ASSETCATALOG_COMPILER_APPICON_NAME = AppIcon;
				ASSETCATALOG_COMPILER_GLOBAL_ACCENT_COLOR_NAME = AccentColor;
				CODE_SIGN_ENTITLEMENTS = Plapick/Plapick.entitlements;
				CODE_SIGN_IDENTITY = "iPhone Developer";
				CODE_SIGN_STYLE = Manual;
				CURRENT_PROJECT_VERSION = 11;
				DEVELOPMENT_TEAM = 364WTC934M;
				INFOPLIST_FILE = Plapick/Info.plist;
				LD_RUNPATH_SEARCH_PATHS = (
					"$(inherited)",
					"@executable_path/Frameworks",
				);
				MARKETING_VERSION = 1.1;
				PRODUCT_BUNDLE_IDENTIFIER = com.logicador.Plapick;
				PRODUCT_NAME = "$(TARGET_NAME)";
				PROVISIONING_PROFILE_SPECIFIER = "Plapick Profile";
				SWIFT_VERSION = 5.0;
				TARGETED_DEVICE_FAMILY = "1,2";
			};
			name = Release;
		};
/* End XCBuildConfiguration section */

/* Begin XCConfigurationList section */
		57C040D025998CCA00856F61 /* Build configuration list for PBXProject "Plapick" */ = {
			isa = XCConfigurationList;
			buildConfigurations = (
				57C040E725998CCB00856F61 /* Debug */,
				57C040E825998CCB00856F61 /* Release */,
			);
			defaultConfigurationIsVisible = 0;
			defaultConfigurationName = Release;
		};
		57C040E925998CCB00856F61 /* Build configuration list for PBXNativeTarget "Plapick" */ = {
			isa = XCConfigurationList;
			buildConfigurations = (
				57C040EA25998CCB00856F61 /* Debug */,
				57C040EB25998CCB00856F61 /* Release */,
			);
			defaultConfigurationIsVisible = 0;
			defaultConfigurationName = Release;
		};
/* End XCConfigurationList section */
	};
	rootObject = 57C040CD25998CCA00856F61 /* Project object */;
}
