// !$*UTF8*$!
{
	archiveVersion = 1;
	classes = {
	};
	objectVersion = 51;
	objects = {

/* Begin PBXBuildFile section */
		253117AEAEF1DA27906323F1 /* Pods_Plapick.framework in Frameworks */ = {isa = PBXBuildFile; fileRef = E39571607D70074FC00EBC1F /* Pods_Plapick.framework */; };
		5701EFD125BFD22600AA4E0F /* LikePlaceRequest.swift in Sources */ = {isa = PBXBuildFile; fileRef = 5701EFD025BFD22600AA4E0F /* LikePlaceRequest.swift */; };
		5710A7D825CD99E7000C5D8D /* QnaListViewController.swift in Sources */ = {isa = PBXBuildFile; fileRef = 5710A7D725CD99E7000C5D8D /* QnaListViewController.swift */; };
		5710A7DF25CDA1D6000C5D8D /* Qna.swift in Sources */ = {isa = PBXBuildFile; fileRef = 5710A7DE25CDA1D6000C5D8D /* Qna.swift */; };
		571AC19F2616D0540040C8BC /* UserViewController.swift in Sources */ = {isa = PBXBuildFile; fileRef = 571AC19E2616D0540040C8BC /* UserViewController.swift */; };
		571AC1A42616FA210040C8BC /* UserListViewController.swift in Sources */ = {isa = PBXBuildFile; fileRef = 571AC1A32616FA210040C8BC /* UserListViewController.swift */; };
		571AC1A92617165F0040C8BC /* ReportViewController.swift in Sources */ = {isa = PBXBuildFile; fileRef = 571AC1A82617165F0040C8BC /* ReportViewController.swift */; };
		571AC1AE261733E50040C8BC /* ReportRequest.swift in Sources */ = {isa = PBXBuildFile; fileRef = 571AC1AD261733E50040C8BC /* ReportRequest.swift */; };
		571AC1BB261739B10040C8BC /* AddUserDeviceRequest.swift in Sources */ = {isa = PBXBuildFile; fileRef = 571AC1BA261739B10040C8BC /* AddUserDeviceRequest.swift */; };
		571AC1BE261739D60040C8BC /* UserComment.swift in Sources */ = {isa = PBXBuildFile; fileRef = 571AC1BD261739D60040C8BC /* UserComment.swift */; };
		57266D4025C70FB8004C8187 /* GetPlaceRequest.swift in Sources */ = {isa = PBXBuildFile; fileRef = 57266D3F25C70FB8004C8187 /* GetPlaceRequest.swift */; };
		572DF9AC260790BB00263128 /* PostingViewController.swift in Sources */ = {isa = PBXBuildFile; fileRef = 572DF9AB260790BB00263128 /* PostingViewController.swift */; };
		57305B0E26159DBE00EA9D2E /* PlaceHeaderCVCell.swift in Sources */ = {isa = PBXBuildFile; fileRef = 57305B0D26159DBE00EA9D2E /* PlaceHeaderCVCell.swift */; };
		5738649225BD29F10025AF1A /* HttpResponse.swift in Sources */ = {isa = PBXBuildFile; fileRef = 5738649125BD29F10025AF1A /* HttpResponse.swift */; };
		5738649925BD325E0025AF1A /* HttpRequest.swift in Sources */ = {isa = PBXBuildFile; fileRef = 5738649825BD325E0025AF1A /* HttpRequest.swift */; };
		5738649E25BD4E320025AF1A /* MainViewController.swift in Sources */ = {isa = PBXBuildFile; fileRef = 5738649D25BD4E320025AF1A /* MainViewController.swift */; };
		573864CE25BDDEEE0025AF1A /* LineView.swift in Sources */ = {isa = PBXBuildFile; fileRef = 573864CD25BDDEEE0025AF1A /* LineView.swift */; };
		573E576B260D75AF0022F551 /* LikePostsRequest.swift in Sources */ = {isa = PBXBuildFile; fileRef = 573E576A260D75AF0022F551 /* LikePostsRequest.swift */; };
		573E576F260D80CC0022F551 /* EditPostsViewController.swift in Sources */ = {isa = PBXBuildFile; fileRef = 573E576E260D80CC0022F551 /* EditPostsViewController.swift */; };
		573E5772260D959D0022F551 /* SlideImageCVCell.swift in Sources */ = {isa = PBXBuildFile; fileRef = 573E5771260D959D0022F551 /* SlideImageCVCell.swift */; };
		5759EBD725BEE7F4007497F6 /* GetPlacesRequest.swift in Sources */ = {isa = PBXBuildFile; fileRef = 5759EBD625BEE7F4007497F6 /* GetPlacesRequest.swift */; };
		576F11682612E26600ADD204 /* AlarmViewController.swift in Sources */ = {isa = PBXBuildFile; fileRef = 576F11672612E26600ADD204 /* AlarmViewController.swift */; };
		576F116C2612E84700ADD204 /* EditNicknameRequest.swift in Sources */ = {isa = PBXBuildFile; fileRef = 576F116B2612E84700ADD204 /* EditNicknameRequest.swift */; };
		576F11712613101100ADD204 /* QnaTVCell.swift in Sources */ = {isa = PBXBuildFile; fileRef = 576F11702613101100ADD204 /* QnaTVCell.swift */; };
		576F117B2613761C00ADD204 /* QnaViewController.swift in Sources */ = {isa = PBXBuildFile; fileRef = 576F117A2613761C00ADD204 /* QnaViewController.swift */; };
		576F117F2613824B00ADD204 /* LeaveViewController.swift in Sources */ = {isa = PBXBuildFile; fileRef = 576F117E2613824B00ADD204 /* LeaveViewController.swift */; };
		576F118326138F7300ADD204 /* LeaveRequest.swift in Sources */ = {isa = PBXBuildFile; fileRef = 576F118226138F7300ADD204 /* LeaveRequest.swift */; };
		5772244D260B11E4001CB980 /* UploadPostsImageCVCell.swift in Sources */ = {isa = PBXBuildFile; fileRef = 5772244C260B11E4001CB980 /* UploadPostsImageCVCell.swift */; };
		57722452260B18D8001CB980 /* PostsCVCell.swift in Sources */ = {isa = PBXBuildFile; fileRef = 57722451260B18D8001CB980 /* PostsCVCell.swift */; };
		5772245A260B1AD4001CB980 /* Posts.swift in Sources */ = {isa = PBXBuildFile; fileRef = 57722459260B1AD4001CB980 /* Posts.swift */; };
		5772245D260B1BB1001CB980 /* PostsImage.swift in Sources */ = {isa = PBXBuildFile; fileRef = 5772245C260B1BB1001CB980 /* PostsImage.swift */; };
		57722461260B2207001CB980 /* GetPostsRequest.swift in Sources */ = {isa = PBXBuildFile; fileRef = 57722460260B2207001CB980 /* GetPostsRequest.swift */; };
		57722466260B4CC2001CB980 /* GetUserPostsPlacesRequest.swift in Sources */ = {isa = PBXBuildFile; fileRef = 57722465260B4CC2001CB980 /* GetUserPostsPlacesRequest.swift */; };
		5772246A260B5198001CB980 /* PostsPlaceTVCell.swift in Sources */ = {isa = PBXBuildFile; fileRef = 57722469260B5198001CB980 /* PostsPlaceTVCell.swift */; };
		57722471260B960F001CB980 /* GetKakaoPlaceCntRequest.swift in Sources */ = {isa = PBXBuildFile; fileRef = 57722470260B960F001CB980 /* GetKakaoPlaceCntRequest.swift */; };
		57722474260B96A9001CB980 /* KakaoPlaceCnt.swift in Sources */ = {isa = PBXBuildFile; fileRef = 57722473260B96A9001CB980 /* KakaoPlaceCnt.swift */; };
		5772247E260BA085001CB980 /* PostsViewController.swift in Sources */ = {isa = PBXBuildFile; fileRef = 5772247D260BA085001CB980 /* PostsViewController.swift */; };
		57755BB325B3F91400CF0849 /* UserNotifications.framework in Frameworks */ = {isa = PBXBuildFile; fileRef = 57755BB225B3F91400CF0849 /* UserNotifications.framework */; };
		57755BB525B3F91D00CF0849 /* PushKit.framework in Frameworks */ = {isa = PBXBuildFile; fileRef = 57755BB425B3F91D00CF0849 /* PushKit.framework */; };
		5778BBB625E0DCEE00377A52 /* WriteQnaViewController.swift in Sources */ = {isa = PBXBuildFile; fileRef = 5778BBB525E0DCEE00377A52 /* WriteQnaViewController.swift */; };
		5778BBBA25E0F1F500377A52 /* AddQnaRequest.swift in Sources */ = {isa = PBXBuildFile; fileRef = 5778BBB925E0F1F500377A52 /* AddQnaRequest.swift */; };
		5778BBBD25E0F3EA00377A52 /* GetQnasRequest.swift in Sources */ = {isa = PBXBuildFile; fileRef = 5778BBBC25E0F3EA00377A52 /* GetQnasRequest.swift */; };
		5780FD9825C181CC002F89F2 /* MenuViewController.swift in Sources */ = {isa = PBXBuildFile; fileRef = 5780FD9725C181CC002F89F2 /* MenuViewController.swift */; };
		5780FD9C25C1845B002F89F2 /* PushView.swift in Sources */ = {isa = PBXBuildFile; fileRef = 5780FD9B25C1845B002F89F2 /* PushView.swift */; };
		5780FDA425C1C305002F89F2 /* GetVersionRequest.swift in Sources */ = {isa = PBXBuildFile; fileRef = 5780FDA325C1C305002F89F2 /* GetVersionRequest.swift */; };
		578856ED2602E38100A04F11 /* JoinAgreeViewController.swift in Sources */ = {isa = PBXBuildFile; fileRef = 578856EC2602E38100A04F11 /* JoinAgreeViewController.swift */; };
		578856F12602E39200A04F11 /* JoinEmailViewController.swift in Sources */ = {isa = PBXBuildFile; fileRef = 578856F02602E39200A04F11 /* JoinEmailViewController.swift */; };
		578856FF2602E4C500A04F11 /* JoinProfileViewController.swift in Sources */ = {isa = PBXBuildFile; fileRef = 578856FE2602E4C500A04F11 /* JoinProfileViewController.swift */; };
		5788570426031D6D00A04F11 /* IdentifiedEmailRequest.swift in Sources */ = {isa = PBXBuildFile; fileRef = 5788570326031D6D00A04F11 /* IdentifiedEmailRequest.swift */; };
		57885708260329A200A04F11 /* IdentifiedEmailCodeRequest.swift in Sources */ = {isa = PBXBuildFile; fileRef = 57885707260329A200A04F11 /* IdentifiedEmailCodeRequest.swift */; };
		5788570F26039F1E00A04F11 /* CheckNicknameRequest.swift in Sources */ = {isa = PBXBuildFile; fileRef = 5788570E26039F1E00A04F11 /* CheckNicknameRequest.swift */; };
		5792854A25AF48A10060F00C /* UploadImageRequest.swift in Sources */ = {isa = PBXBuildFile; fileRef = 5792854925AF48A10060F00C /* UploadImageRequest.swift */; };
		5792F5B625AB0A2100015FE9 /* Static.swift in Sources */ = {isa = PBXBuildFile; fileRef = 5792F5B525AB0A2100015FE9 /* Static.swift */; };
		5792F5BF25AB493C00015FE9 /* LaunchViewController.swift in Sources */ = {isa = PBXBuildFile; fileRef = 5792F5BE25AB493C00015FE9 /* LaunchViewController.swift */; };
		5792F5C225AB494E00015FE9 /* LoginViewController.swift in Sources */ = {isa = PBXBuildFile; fileRef = 5792F5C125AB494E00015FE9 /* LoginViewController.swift */; };
		57975856260DC6AE00264D45 /* EditPostsImage.swift in Sources */ = {isa = PBXBuildFile; fileRef = 57975855260DC6AE00264D45 /* EditPostsImage.swift */; };
		5797585A260DE45A00264D45 /* EditPostsRequest.swift in Sources */ = {isa = PBXBuildFile; fileRef = 57975859260DE45A00264D45 /* EditPostsRequest.swift */; };
		5797585E260DF91300264D45 /* RemovePostsImagesRequest.swift in Sources */ = {isa = PBXBuildFile; fileRef = 5797585D260DF91300264D45 /* RemovePostsImagesRequest.swift */; };
		57975865260E08EA00264D45 /* EditPostsImagesRequest.swift in Sources */ = {isa = PBXBuildFile; fileRef = 57975864260E08EA00264D45 /* EditPostsImagesRequest.swift */; };
		579DEBB0260C9CB700ADE0B6 /* RemovePostsRequest.swift in Sources */ = {isa = PBXBuildFile; fileRef = 579DEBAF260C9CB700ADE0B6 /* RemovePostsRequest.swift */; };
		57A8B3D425E7FDB8005B7BE5 /* EditUserPushRequest.swift in Sources */ = {isa = PBXBuildFile; fileRef = 57A8B3D325E7FDB8005B7BE5 /* EditUserPushRequest.swift */; };
		57A97D4F25AD6A4300E8F982 /* LogoutRequest.swift in Sources */ = {isa = PBXBuildFile; fileRef = 57A97D4E25AD6A4300E8F982 /* LogoutRequest.swift */; };
		57A9966825C7E64C0016CDA5 /* PlaceMapViewController.swift in Sources */ = {isa = PBXBuildFile; fileRef = 57A9966725C7E64C0016CDA5 /* PlaceMapViewController.swift */; };
		57AD93E12611FBC4004B3E39 /* EditProfileViewController.swift in Sources */ = {isa = PBXBuildFile; fileRef = 57AD93E02611FBC4004B3E39 /* EditProfileViewController.swift */; };
		57B0E8E225CA85B500F123E7 /* GetKakaoPlacesRequest.swift in Sources */ = {isa = PBXBuildFile; fileRef = 57B0E8E125CA85B500F123E7 /* GetKakaoPlacesRequest.swift */; };
		57B0E8E525CA870E00F123E7 /* KakaoPlace.swift in Sources */ = {isa = PBXBuildFile; fileRef = 57B0E8E425CA870E00F123E7 /* KakaoPlace.swift */; };
		57B0E8EA25CA899D00F123E7 /* KakaoPlaceTVCell.swift in Sources */ = {isa = PBXBuildFile; fileRef = 57B0E8E925CA899D00F123E7 /* KakaoPlaceTVCell.swift */; };
		57BA5F1325E2CBBB00C8A628 /* RemoveQnaRequest.swift in Sources */ = {isa = PBXBuildFile; fileRef = 57BA5F1225E2CBBB00C8A628 /* RemoveQnaRequest.swift */; };
		57C040D925998CCA00856F61 /* AppDelegate.swift in Sources */ = {isa = PBXBuildFile; fileRef = 57C040D825998CCA00856F61 /* AppDelegate.swift */; };
		57C040DB25998CCA00856F61 /* SceneDelegate.swift in Sources */ = {isa = PBXBuildFile; fileRef = 57C040DA25998CCA00856F61 /* SceneDelegate.swift */; };
		57C040E225998CCB00856F61 /* Assets.xcassets in Resources */ = {isa = PBXBuildFile; fileRef = 57C040E125998CCB00856F61 /* Assets.xcassets */; };
		57C040F92599963800856F61 /* Extension.swift in Sources */ = {isa = PBXBuildFile; fileRef = 57C040F82599963800856F61 /* Extension.swift */; };
		57C040FC259996AD00856F61 /* HomeViewController.swift in Sources */ = {isa = PBXBuildFile; fileRef = 57C040FB259996AD00856F61 /* HomeViewController.swift */; };
		57C04105259996DF00856F61 /* AccountViewController.swift in Sources */ = {isa = PBXBuildFile; fileRef = 57C04104259996DF00856F61 /* AccountViewController.swift */; };
		57C0411E2599E8A200856F61 /* Place.swift in Sources */ = {isa = PBXBuildFile; fileRef = 57C0411D2599E8A200856F61 /* Place.swift */; };
		57C34CB825E8D7F700DAEDBE /* TermsViewController.swift in Sources */ = {isa = PBXBuildFile; fileRef = 57C34CB725E8D7F700DAEDBE /* TermsViewController.swift */; };
		57C7EAF7261427DF003DBDBE /* PostsTVCell.swift in Sources */ = {isa = PBXBuildFile; fileRef = 57C7EAF6261427DF003DBDBE /* PostsTVCell.swift */; };
		57C7EB0A2614474E003DBDBE /* PostsCommentViewController.swift in Sources */ = {isa = PBXBuildFile; fileRef = 57C7EB092614474E003DBDBE /* PostsCommentViewController.swift */; };
		57C7EB0F26146585003DBDBE /* PostsComment.swift in Sources */ = {isa = PBXBuildFile; fileRef = 57C7EB0E26146585003DBDBE /* PostsComment.swift */; };
		57C7EB12261469B3003DBDBE /* GetPostsCommentsRequest.swift in Sources */ = {isa = PBXBuildFile; fileRef = 57C7EB11261469B3003DBDBE /* GetPostsCommentsRequest.swift */; };
		57C7EB1526146AA6003DBDBE /* AddPostsCommentRequest.swift in Sources */ = {isa = PBXBuildFile; fileRef = 57C7EB1426146AA6003DBDBE /* AddPostsCommentRequest.swift */; };
		57C7EB1A26146D84003DBDBE /* PostsCommentTVCell.swift in Sources */ = {isa = PBXBuildFile; fileRef = 57C7EB1926146D84003DBDBE /* PostsCommentTVCell.swift */; };
		57C7EB1E26148135003DBDBE /* PostsReComment.swift in Sources */ = {isa = PBXBuildFile; fileRef = 57C7EB1D26148135003DBDBE /* PostsReComment.swift */; };
		57C7EB222614899C003DBDBE /* RemovePostsCommentRequest.swift in Sources */ = {isa = PBXBuildFile; fileRef = 57C7EB212614899C003DBDBE /* RemovePostsCommentRequest.swift */; };
		57C7EB2626148C01003DBDBE /* PostsReCommentViewController.swift in Sources */ = {isa = PBXBuildFile; fileRef = 57C7EB2526148C01003DBDBE /* PostsReCommentViewController.swift */; };
		57C7EB2A26149334003DBDBE /* PostsReCommentTVCell.swift in Sources */ = {isa = PBXBuildFile; fileRef = 57C7EB2926149334003DBDBE /* PostsReCommentTVCell.swift */; };
		57C7EB2E2614948E003DBDBE /* AddPostsReCommentRequest.swift in Sources */ = {isa = PBXBuildFile; fileRef = 57C7EB2D2614948E003DBDBE /* AddPostsReCommentRequest.swift */; };
		57C7EB3226149642003DBDBE /* GetPostsReCommentsRequest.swift in Sources */ = {isa = PBXBuildFile; fileRef = 57C7EB3126149642003DBDBE /* GetPostsReCommentsRequest.swift */; };
		57C7EB3626149E2F003DBDBE /* RemovePostsReCommentRequest.swift in Sources */ = {isa = PBXBuildFile; fileRef = 57C7EB3526149E2F003DBDBE /* RemovePostsReCommentRequest.swift */; };
		57D44DA2260984850042686E /* SearchKakaoPlaceViewController.swift in Sources */ = {isa = PBXBuildFile; fileRef = 57D44DA1260984850042686E /* SearchKakaoPlaceViewController.swift */; };
		57D44DB72609DDA50042686E /* AddPostsRequest.swift in Sources */ = {isa = PBXBuildFile; fileRef = 57D44DB62609DDA50042686E /* AddPostsRequest.swift */; };
		57D44DBC2609E1240042686E /* PostingConfirmViewController.swift in Sources */ = {isa = PBXBuildFile; fileRef = 57D44DBB2609E1240042686E /* PostingConfirmViewController.swift */; };
		57D44DC1260A0E920042686E /* UploadPostsImageRequest.swift in Sources */ = {isa = PBXBuildFile; fileRef = 57D44DC0260A0E920042686E /* UploadPostsImageRequest.swift */; };
		57D9552725C3D69100CD2C6F /* PlaceViewController.swift in Sources */ = {isa = PBXBuildFile; fileRef = 57D9552625C3D69100CD2C6F /* PlaceViewController.swift */; };
		57D9552A25C3DBCD00CD2C6F /* GetUsersRequest.swift in Sources */ = {isa = PBXBuildFile; fileRef = 57D9552925C3DBCD00CD2C6F /* GetUsersRequest.swift */; };
		57D9554125C3E25200CD2C6F /* UserTVCell.swift in Sources */ = {isa = PBXBuildFile; fileRef = 57D9554025C3E25200CD2C6F /* UserTVCell.swift */; };
		57D9554425C3F16800CD2C6F /* IconButton.swift in Sources */ = {isa = PBXBuildFile; fileRef = 57D9554325C3F16800CD2C6F /* IconButton.swift */; };
		57D9555325C4445F00CD2C6F /* FollowRequest.swift in Sources */ = {isa = PBXBuildFile; fileRef = 57D9555225C4445F00CD2C6F /* FollowRequest.swift */; };
		57DCD7BA25C2710F0040AC01 /* GetUserRequest.swift in Sources */ = {isa = PBXBuildFile; fileRef = 57DCD7B925C2710F0040AC01 /* GetUserRequest.swift */; };
		57E9719325E4DAE900D86FC5 /* GetPlaceCommentsRequest.swift in Sources */ = {isa = PBXBuildFile; fileRef = 57E9719225E4DAE900D86FC5 /* GetPlaceCommentsRequest.swift */; };
		57E9719625E4DE1500D86FC5 /* PlaceComment.swift in Sources */ = {isa = PBXBuildFile; fileRef = 57E9719525E4DE1500D86FC5 /* PlaceComment.swift */; };
		57E971A725E4F6F400D86FC5 /* PlaceCommentViewController.swift in Sources */ = {isa = PBXBuildFile; fileRef = 57E971A625E4F6F400D86FC5 /* PlaceCommentViewController.swift */; };
		57E971AA25E50CEA00D86FC5 /* AddPlaceCommentRequest.swift in Sources */ = {isa = PBXBuildFile; fileRef = 57E971A925E50CEA00D86FC5 /* AddPlaceCommentRequest.swift */; };
		57E971AD25E5148D00D86FC5 /* RemovePlaceCommentRequest.swift in Sources */ = {isa = PBXBuildFile; fileRef = 57E971AC25E5148D00D86FC5 /* RemovePlaceCommentRequest.swift */; };
		57EB163C2615B6D50079919A /* PlaceCommentTVCell.swift in Sources */ = {isa = PBXBuildFile; fileRef = 57EB163B2615B6D50079919A /* PlaceCommentTVCell.swift */; };
		57EB16452616115E0079919A /* GetUserCommentsRequest.swift in Sources */ = {isa = PBXBuildFile; fileRef = 57EB16442616115E0079919A /* GetUserCommentsRequest.swift */; };
		57EB1648261611D90079919A /* CommentViewController.swift in Sources */ = {isa = PBXBuildFile; fileRef = 57EB1647261611D90079919A /* CommentViewController.swift */; };
		57EB164C261612920079919A /* UserCommentTVCell.swift in Sources */ = {isa = PBXBuildFile; fileRef = 57EB164B261612920079919A /* UserCommentTVCell.swift */; };
		57EB1651261635130079919A /* LikeViewController.swift in Sources */ = {isa = PBXBuildFile; fileRef = 57EB1650261635130079919A /* LikeViewController.swift */; };
		57EB1655261637E90079919A /* PlaceTVCell.swift in Sources */ = {isa = PBXBuildFile; fileRef = 57EB1654261637E90079919A /* PlaceTVCell.swift */; };
		57EFB3AD25AC01220001CF59 /* LoginRequest.swift in Sources */ = {isa = PBXBuildFile; fileRef = 57EFB3AC25AC01220001CF59 /* LoginRequest.swift */; };
		57EFB3D025AC353B0001CF59 /* User.swift in Sources */ = {isa = PBXBuildFile; fileRef = 57EFB3CF25AC353B0001CF59 /* User.swift */; };
		57F361AB260468680097F200 /* JoinRequest.swift in Sources */ = {isa = PBXBuildFile; fileRef = 57F361AA260468680097F200 /* JoinRequest.swift */; };
		57F361B02604779E0097F200 /* EditProfileImageRequest.swift in Sources */ = {isa = PBXBuildFile; fileRef = 57F361AF2604779E0097F200 /* EditProfileImageRequest.swift */; };
		57F87F2C2606EF7F00771C71 /* FindEmailViewController.swift in Sources */ = {isa = PBXBuildFile; fileRef = 57F87F2B2606EF7F00771C71 /* FindEmailViewController.swift */; };
		57F87F2F2606EF8900771C71 /* FindPasswordViewController.swift in Sources */ = {isa = PBXBuildFile; fileRef = 57F87F2E2606EF8900771C71 /* FindPasswordViewController.swift */; };
		57F87F322606F0DF00771C71 /* JoinPhoneViewController.swift in Sources */ = {isa = PBXBuildFile; fileRef = 57F87F312606F0DF00771C71 /* JoinPhoneViewController.swift */; };
		57F87F362606F59900771C71 /* IdentifiedPhoneRequest.swift in Sources */ = {isa = PBXBuildFile; fileRef = 57F87F352606F59900771C71 /* IdentifiedPhoneRequest.swift */; };
		57F87F3A2606F6D000771C71 /* IdentifiedPhoneCodeRequest.swift in Sources */ = {isa = PBXBuildFile; fileRef = 57F87F392606F6D000771C71 /* IdentifiedPhoneCodeRequest.swift */; };
		57F87F3F26070BBA00771C71 /* FindEmailRequest.swift in Sources */ = {isa = PBXBuildFile; fileRef = 57F87F3E26070BBA00771C71 /* FindEmailRequest.swift */; };
		57F87F48260712E800771C71 /* FindEmailResultView.swift in Sources */ = {isa = PBXBuildFile; fileRef = 57F87F47260712E800771C71 /* FindEmailResultView.swift */; };
		57F87F512607298700771C71 /* EditPasswordViewController.swift in Sources */ = {isa = PBXBuildFile; fileRef = 57F87F502607298700771C71 /* EditPasswordViewController.swift */; };
		57F87F562607360F00771C71 /* EditPasswordRequest.swift in Sources */ = {isa = PBXBuildFile; fileRef = 57F87F552607360F00771C71 /* EditPasswordRequest.swift */; };
		57FB7F8125AC6681007BE142 /* App.swift in Sources */ = {isa = PBXBuildFile; fileRef = 57FB7F8025AC6681007BE142 /* App.swift */; };
/* End PBXBuildFile section */

/* Begin PBXFileReference section */
		5701EFD025BFD22600AA4E0F /* LikePlaceRequest.swift */ = {isa = PBXFileReference; lastKnownFileType = sourcecode.swift; path = LikePlaceRequest.swift; sourceTree = "<group>"; };
		5710A7D725CD99E7000C5D8D /* QnaListViewController.swift */ = {isa = PBXFileReference; lastKnownFileType = sourcecode.swift; path = QnaListViewController.swift; sourceTree = "<group>"; };
		5710A7DE25CDA1D6000C5D8D /* Qna.swift */ = {isa = PBXFileReference; lastKnownFileType = sourcecode.swift; path = Qna.swift; sourceTree = "<group>"; };
		571AC19E2616D0540040C8BC /* UserViewController.swift */ = {isa = PBXFileReference; lastKnownFileType = sourcecode.swift; path = UserViewController.swift; sourceTree = "<group>"; };
		571AC1A32616FA210040C8BC /* UserListViewController.swift */ = {isa = PBXFileReference; lastKnownFileType = sourcecode.swift; path = UserListViewController.swift; sourceTree = "<group>"; };
		571AC1A82617165F0040C8BC /* ReportViewController.swift */ = {isa = PBXFileReference; lastKnownFileType = sourcecode.swift; path = ReportViewController.swift; sourceTree = "<group>"; };
		571AC1AD261733E50040C8BC /* ReportRequest.swift */ = {isa = PBXFileReference; lastKnownFileType = sourcecode.swift; path = ReportRequest.swift; sourceTree = "<group>"; };
		571AC1BA261739B10040C8BC /* AddUserDeviceRequest.swift */ = {isa = PBXFileReference; fileEncoding = 4; lastKnownFileType = sourcecode.swift; path = AddUserDeviceRequest.swift; sourceTree = "<group>"; };
		571AC1BD261739D60040C8BC /* UserComment.swift */ = {isa = PBXFileReference; fileEncoding = 4; lastKnownFileType = sourcecode.swift; path = UserComment.swift; sourceTree = "<group>"; };
		57266D3F25C70FB8004C8187 /* GetPlaceRequest.swift */ = {isa = PBXFileReference; lastKnownFileType = sourcecode.swift; path = GetPlaceRequest.swift; sourceTree = "<group>"; };
		572DF9AB260790BB00263128 /* PostingViewController.swift */ = {isa = PBXFileReference; lastKnownFileType = sourcecode.swift; path = PostingViewController.swift; sourceTree = "<group>"; };
		57305B0D26159DBE00EA9D2E /* PlaceHeaderCVCell.swift */ = {isa = PBXFileReference; lastKnownFileType = sourcecode.swift; path = PlaceHeaderCVCell.swift; sourceTree = "<group>"; };
		5738649125BD29F10025AF1A /* HttpResponse.swift */ = {isa = PBXFileReference; lastKnownFileType = sourcecode.swift; path = HttpResponse.swift; sourceTree = "<group>"; };
		5738649825BD325E0025AF1A /* HttpRequest.swift */ = {isa = PBXFileReference; lastKnownFileType = sourcecode.swift; path = HttpRequest.swift; sourceTree = "<group>"; };
		5738649D25BD4E320025AF1A /* MainViewController.swift */ = {isa = PBXFileReference; lastKnownFileType = sourcecode.swift; path = MainViewController.swift; sourceTree = "<group>"; };
		573864CD25BDDEEE0025AF1A /* LineView.swift */ = {isa = PBXFileReference; lastKnownFileType = sourcecode.swift; path = LineView.swift; sourceTree = "<group>"; };
		573E576A260D75AF0022F551 /* LikePostsRequest.swift */ = {isa = PBXFileReference; lastKnownFileType = sourcecode.swift; path = LikePostsRequest.swift; sourceTree = "<group>"; };
		573E576E260D80CC0022F551 /* EditPostsViewController.swift */ = {isa = PBXFileReference; lastKnownFileType = sourcecode.swift; path = EditPostsViewController.swift; sourceTree = "<group>"; };
		573E5771260D959D0022F551 /* SlideImageCVCell.swift */ = {isa = PBXFileReference; lastKnownFileType = sourcecode.swift; path = SlideImageCVCell.swift; sourceTree = "<group>"; };
		5759EBD625BEE7F4007497F6 /* GetPlacesRequest.swift */ = {isa = PBXFileReference; lastKnownFileType = sourcecode.swift; path = GetPlacesRequest.swift; sourceTree = "<group>"; };
		576F11672612E26600ADD204 /* AlarmViewController.swift */ = {isa = PBXFileReference; lastKnownFileType = sourcecode.swift; path = AlarmViewController.swift; sourceTree = "<group>"; };
		576F116B2612E84700ADD204 /* EditNicknameRequest.swift */ = {isa = PBXFileReference; lastKnownFileType = sourcecode.swift; path = EditNicknameRequest.swift; sourceTree = "<group>"; };
		576F11702613101100ADD204 /* QnaTVCell.swift */ = {isa = PBXFileReference; lastKnownFileType = sourcecode.swift; path = QnaTVCell.swift; sourceTree = "<group>"; };
		576F117A2613761C00ADD204 /* QnaViewController.swift */ = {isa = PBXFileReference; lastKnownFileType = sourcecode.swift; path = QnaViewController.swift; sourceTree = "<group>"; };
		576F117E2613824B00ADD204 /* LeaveViewController.swift */ = {isa = PBXFileReference; lastKnownFileType = sourcecode.swift; path = LeaveViewController.swift; sourceTree = "<group>"; };
		576F118226138F7300ADD204 /* LeaveRequest.swift */ = {isa = PBXFileReference; lastKnownFileType = sourcecode.swift; path = LeaveRequest.swift; sourceTree = "<group>"; };
		5772244C260B11E4001CB980 /* UploadPostsImageCVCell.swift */ = {isa = PBXFileReference; lastKnownFileType = sourcecode.swift; path = UploadPostsImageCVCell.swift; sourceTree = "<group>"; };
		57722451260B18D8001CB980 /* PostsCVCell.swift */ = {isa = PBXFileReference; lastKnownFileType = sourcecode.swift; path = PostsCVCell.swift; sourceTree = "<group>"; };
		57722459260B1AD4001CB980 /* Posts.swift */ = {isa = PBXFileReference; lastKnownFileType = sourcecode.swift; path = Posts.swift; sourceTree = "<group>"; };
		5772245C260B1BB1001CB980 /* PostsImage.swift */ = {isa = PBXFileReference; lastKnownFileType = sourcecode.swift; path = PostsImage.swift; sourceTree = "<group>"; };
		57722460260B2207001CB980 /* GetPostsRequest.swift */ = {isa = PBXFileReference; lastKnownFileType = sourcecode.swift; path = GetPostsRequest.swift; sourceTree = "<group>"; };
		57722465260B4CC2001CB980 /* GetUserPostsPlacesRequest.swift */ = {isa = PBXFileReference; lastKnownFileType = sourcecode.swift; path = GetUserPostsPlacesRequest.swift; sourceTree = "<group>"; };
		57722469260B5198001CB980 /* PostsPlaceTVCell.swift */ = {isa = PBXFileReference; lastKnownFileType = sourcecode.swift; path = PostsPlaceTVCell.swift; sourceTree = "<group>"; };
		57722470260B960F001CB980 /* GetKakaoPlaceCntRequest.swift */ = {isa = PBXFileReference; lastKnownFileType = sourcecode.swift; path = GetKakaoPlaceCntRequest.swift; sourceTree = "<group>"; };
		57722473260B96A9001CB980 /* KakaoPlaceCnt.swift */ = {isa = PBXFileReference; lastKnownFileType = sourcecode.swift; path = KakaoPlaceCnt.swift; sourceTree = "<group>"; };
		5772247D260BA085001CB980 /* PostsViewController.swift */ = {isa = PBXFileReference; lastKnownFileType = sourcecode.swift; path = PostsViewController.swift; sourceTree = "<group>"; };
		57755BB225B3F91400CF0849 /* UserNotifications.framework */ = {isa = PBXFileReference; lastKnownFileType = wrapper.framework; name = UserNotifications.framework; path = System/Library/Frameworks/UserNotifications.framework; sourceTree = SDKROOT; };
		57755BB425B3F91D00CF0849 /* PushKit.framework */ = {isa = PBXFileReference; lastKnownFileType = wrapper.framework; name = PushKit.framework; path = System/Library/Frameworks/PushKit.framework; sourceTree = SDKROOT; };
		5778BBB525E0DCEE00377A52 /* WriteQnaViewController.swift */ = {isa = PBXFileReference; lastKnownFileType = sourcecode.swift; path = WriteQnaViewController.swift; sourceTree = "<group>"; };
		5778BBB925E0F1F500377A52 /* AddQnaRequest.swift */ = {isa = PBXFileReference; lastKnownFileType = sourcecode.swift; path = AddQnaRequest.swift; sourceTree = "<group>"; };
		5778BBBC25E0F3EA00377A52 /* GetQnasRequest.swift */ = {isa = PBXFileReference; lastKnownFileType = sourcecode.swift; path = GetQnasRequest.swift; sourceTree = "<group>"; };
		5780FD9725C181CC002F89F2 /* MenuViewController.swift */ = {isa = PBXFileReference; lastKnownFileType = sourcecode.swift; path = MenuViewController.swift; sourceTree = "<group>"; };
		5780FD9B25C1845B002F89F2 /* PushView.swift */ = {isa = PBXFileReference; lastKnownFileType = sourcecode.swift; path = PushView.swift; sourceTree = "<group>"; };
		5780FDA325C1C305002F89F2 /* GetVersionRequest.swift */ = {isa = PBXFileReference; lastKnownFileType = sourcecode.swift; path = GetVersionRequest.swift; sourceTree = "<group>"; };
		578856EC2602E38100A04F11 /* JoinAgreeViewController.swift */ = {isa = PBXFileReference; lastKnownFileType = sourcecode.swift; path = JoinAgreeViewController.swift; sourceTree = "<group>"; };
		578856F02602E39200A04F11 /* JoinEmailViewController.swift */ = {isa = PBXFileReference; lastKnownFileType = sourcecode.swift; path = JoinEmailViewController.swift; sourceTree = "<group>"; };
		578856FE2602E4C500A04F11 /* JoinProfileViewController.swift */ = {isa = PBXFileReference; lastKnownFileType = sourcecode.swift; path = JoinProfileViewController.swift; sourceTree = "<group>"; };
		5788570326031D6D00A04F11 /* IdentifiedEmailRequest.swift */ = {isa = PBXFileReference; lastKnownFileType = sourcecode.swift; path = IdentifiedEmailRequest.swift; sourceTree = "<group>"; };
		57885707260329A200A04F11 /* IdentifiedEmailCodeRequest.swift */ = {isa = PBXFileReference; lastKnownFileType = sourcecode.swift; path = IdentifiedEmailCodeRequest.swift; sourceTree = "<group>"; };
		5788570E26039F1E00A04F11 /* CheckNicknameRequest.swift */ = {isa = PBXFileReference; lastKnownFileType = sourcecode.swift; path = CheckNicknameRequest.swift; sourceTree = "<group>"; };
		5792854925AF48A10060F00C /* UploadImageRequest.swift */ = {isa = PBXFileReference; lastKnownFileType = sourcecode.swift; path = UploadImageRequest.swift; sourceTree = "<group>"; };
		5792F5B525AB0A2100015FE9 /* Static.swift */ = {isa = PBXFileReference; lastKnownFileType = sourcecode.swift; path = Static.swift; sourceTree = "<group>"; };
		5792F5BE25AB493C00015FE9 /* LaunchViewController.swift */ = {isa = PBXFileReference; lastKnownFileType = sourcecode.swift; path = LaunchViewController.swift; sourceTree = "<group>"; };
		5792F5C125AB494E00015FE9 /* LoginViewController.swift */ = {isa = PBXFileReference; lastKnownFileType = sourcecode.swift; path = LoginViewController.swift; sourceTree = "<group>"; };
		57975855260DC6AE00264D45 /* EditPostsImage.swift */ = {isa = PBXFileReference; lastKnownFileType = sourcecode.swift; path = EditPostsImage.swift; sourceTree = "<group>"; };
		57975859260DE45A00264D45 /* EditPostsRequest.swift */ = {isa = PBXFileReference; lastKnownFileType = sourcecode.swift; path = EditPostsRequest.swift; sourceTree = "<group>"; };
		5797585D260DF91300264D45 /* RemovePostsImagesRequest.swift */ = {isa = PBXFileReference; lastKnownFileType = sourcecode.swift; path = RemovePostsImagesRequest.swift; sourceTree = "<group>"; };
		57975864260E08EA00264D45 /* EditPostsImagesRequest.swift */ = {isa = PBXFileReference; lastKnownFileType = sourcecode.swift; path = EditPostsImagesRequest.swift; sourceTree = "<group>"; };
		579DEBAF260C9CB700ADE0B6 /* RemovePostsRequest.swift */ = {isa = PBXFileReference; lastKnownFileType = sourcecode.swift; path = RemovePostsRequest.swift; sourceTree = "<group>"; };
		57A8B3D325E7FDB8005B7BE5 /* EditUserPushRequest.swift */ = {isa = PBXFileReference; lastKnownFileType = sourcecode.swift; path = EditUserPushRequest.swift; sourceTree = "<group>"; };
		57A97D4E25AD6A4300E8F982 /* LogoutRequest.swift */ = {isa = PBXFileReference; lastKnownFileType = sourcecode.swift; path = LogoutRequest.swift; sourceTree = "<group>"; };
		57A9966725C7E64C0016CDA5 /* PlaceMapViewController.swift */ = {isa = PBXFileReference; lastKnownFileType = sourcecode.swift; path = PlaceMapViewController.swift; sourceTree = "<group>"; };
		57AD93E02611FBC4004B3E39 /* EditProfileViewController.swift */ = {isa = PBXFileReference; lastKnownFileType = sourcecode.swift; path = EditProfileViewController.swift; sourceTree = "<group>"; };
		57B0E8E125CA85B500F123E7 /* GetKakaoPlacesRequest.swift */ = {isa = PBXFileReference; lastKnownFileType = sourcecode.swift; path = GetKakaoPlacesRequest.swift; sourceTree = "<group>"; };
		57B0E8E425CA870E00F123E7 /* KakaoPlace.swift */ = {isa = PBXFileReference; lastKnownFileType = sourcecode.swift; path = KakaoPlace.swift; sourceTree = "<group>"; };
		57B0E8E925CA899D00F123E7 /* KakaoPlaceTVCell.swift */ = {isa = PBXFileReference; lastKnownFileType = sourcecode.swift; path = KakaoPlaceTVCell.swift; sourceTree = "<group>"; };
		57BA5F1225E2CBBB00C8A628 /* RemoveQnaRequest.swift */ = {isa = PBXFileReference; lastKnownFileType = sourcecode.swift; path = RemoveQnaRequest.swift; sourceTree = "<group>"; };
		57C040D525998CCA00856F61 /* Plapick.app */ = {isa = PBXFileReference; explicitFileType = wrapper.application; includeInIndex = 0; path = Plapick.app; sourceTree = BUILT_PRODUCTS_DIR; };
		57C040D825998CCA00856F61 /* AppDelegate.swift */ = {isa = PBXFileReference; lastKnownFileType = sourcecode.swift; path = AppDelegate.swift; sourceTree = "<group>"; };
		57C040DA25998CCA00856F61 /* SceneDelegate.swift */ = {isa = PBXFileReference; lastKnownFileType = sourcecode.swift; path = SceneDelegate.swift; sourceTree = "<group>"; };
		57C040E125998CCB00856F61 /* Assets.xcassets */ = {isa = PBXFileReference; lastKnownFileType = folder.assetcatalog; path = Assets.xcassets; sourceTree = "<group>"; };
		57C040E625998CCB00856F61 /* Info.plist */ = {isa = PBXFileReference; lastKnownFileType = text.plist.xml; path = Info.plist; sourceTree = "<group>"; };
		57C040F82599963800856F61 /* Extension.swift */ = {isa = PBXFileReference; lastKnownFileType = sourcecode.swift; path = Extension.swift; sourceTree = "<group>"; };
		57C040FB259996AD00856F61 /* HomeViewController.swift */ = {isa = PBXFileReference; lastKnownFileType = sourcecode.swift; path = HomeViewController.swift; sourceTree = "<group>"; };
		57C04104259996DF00856F61 /* AccountViewController.swift */ = {isa = PBXFileReference; lastKnownFileType = sourcecode.swift; path = AccountViewController.swift; sourceTree = "<group>"; };
		57C0411D2599E8A200856F61 /* Place.swift */ = {isa = PBXFileReference; lastKnownFileType = sourcecode.swift; path = Place.swift; sourceTree = "<group>"; };
		57C34CB725E8D7F700DAEDBE /* TermsViewController.swift */ = {isa = PBXFileReference; lastKnownFileType = sourcecode.swift; path = TermsViewController.swift; sourceTree = "<group>"; };
		57C7EAF6261427DF003DBDBE /* PostsTVCell.swift */ = {isa = PBXFileReference; lastKnownFileType = sourcecode.swift; path = PostsTVCell.swift; sourceTree = "<group>"; };
		57C7EB092614474E003DBDBE /* PostsCommentViewController.swift */ = {isa = PBXFileReference; lastKnownFileType = sourcecode.swift; path = PostsCommentViewController.swift; sourceTree = "<group>"; };
		57C7EB0E26146585003DBDBE /* PostsComment.swift */ = {isa = PBXFileReference; lastKnownFileType = sourcecode.swift; path = PostsComment.swift; sourceTree = "<group>"; };
		57C7EB11261469B3003DBDBE /* GetPostsCommentsRequest.swift */ = {isa = PBXFileReference; lastKnownFileType = sourcecode.swift; path = GetPostsCommentsRequest.swift; sourceTree = "<group>"; };
		57C7EB1426146AA6003DBDBE /* AddPostsCommentRequest.swift */ = {isa = PBXFileReference; lastKnownFileType = sourcecode.swift; path = AddPostsCommentRequest.swift; sourceTree = "<group>"; };
		57C7EB1926146D84003DBDBE /* PostsCommentTVCell.swift */ = {isa = PBXFileReference; lastKnownFileType = sourcecode.swift; path = PostsCommentTVCell.swift; sourceTree = "<group>"; };
		57C7EB1D26148135003DBDBE /* PostsReComment.swift */ = {isa = PBXFileReference; lastKnownFileType = sourcecode.swift; path = PostsReComment.swift; sourceTree = "<group>"; };
		57C7EB212614899C003DBDBE /* RemovePostsCommentRequest.swift */ = {isa = PBXFileReference; lastKnownFileType = sourcecode.swift; path = RemovePostsCommentRequest.swift; sourceTree = "<group>"; };
		57C7EB2526148C01003DBDBE /* PostsReCommentViewController.swift */ = {isa = PBXFileReference; lastKnownFileType = sourcecode.swift; path = PostsReCommentViewController.swift; sourceTree = "<group>"; };
		57C7EB2926149334003DBDBE /* PostsReCommentTVCell.swift */ = {isa = PBXFileReference; lastKnownFileType = sourcecode.swift; path = PostsReCommentTVCell.swift; sourceTree = "<group>"; };
		57C7EB2D2614948E003DBDBE /* AddPostsReCommentRequest.swift */ = {isa = PBXFileReference; lastKnownFileType = sourcecode.swift; path = AddPostsReCommentRequest.swift; sourceTree = "<group>"; };
		57C7EB3126149642003DBDBE /* GetPostsReCommentsRequest.swift */ = {isa = PBXFileReference; lastKnownFileType = sourcecode.swift; path = GetPostsReCommentsRequest.swift; sourceTree = "<group>"; };
		57C7EB3526149E2F003DBDBE /* RemovePostsReCommentRequest.swift */ = {isa = PBXFileReference; lastKnownFileType = sourcecode.swift; path = RemovePostsReCommentRequest.swift; sourceTree = "<group>"; };
		57D44DA1260984850042686E /* SearchKakaoPlaceViewController.swift */ = {isa = PBXFileReference; lastKnownFileType = sourcecode.swift; path = SearchKakaoPlaceViewController.swift; sourceTree = "<group>"; };
		57D44DB62609DDA50042686E /* AddPostsRequest.swift */ = {isa = PBXFileReference; lastKnownFileType = sourcecode.swift; path = AddPostsRequest.swift; sourceTree = "<group>"; };
		57D44DBB2609E1240042686E /* PostingConfirmViewController.swift */ = {isa = PBXFileReference; lastKnownFileType = sourcecode.swift; path = PostingConfirmViewController.swift; sourceTree = "<group>"; };
		57D44DC0260A0E920042686E /* UploadPostsImageRequest.swift */ = {isa = PBXFileReference; lastKnownFileType = sourcecode.swift; path = UploadPostsImageRequest.swift; sourceTree = "<group>"; };
		57D9552625C3D69100CD2C6F /* PlaceViewController.swift */ = {isa = PBXFileReference; lastKnownFileType = sourcecode.swift; path = PlaceViewController.swift; sourceTree = "<group>"; };
		57D9552925C3DBCD00CD2C6F /* GetUsersRequest.swift */ = {isa = PBXFileReference; lastKnownFileType = sourcecode.swift; path = GetUsersRequest.swift; sourceTree = "<group>"; };
		57D9554025C3E25200CD2C6F /* UserTVCell.swift */ = {isa = PBXFileReference; lastKnownFileType = sourcecode.swift; path = UserTVCell.swift; sourceTree = "<group>"; };
		57D9554325C3F16800CD2C6F /* IconButton.swift */ = {isa = PBXFileReference; lastKnownFileType = sourcecode.swift; path = IconButton.swift; sourceTree = "<group>"; };
		57D9555225C4445F00CD2C6F /* FollowRequest.swift */ = {isa = PBXFileReference; lastKnownFileType = sourcecode.swift; path = FollowRequest.swift; sourceTree = "<group>"; };
		57DCD7B925C2710F0040AC01 /* GetUserRequest.swift */ = {isa = PBXFileReference; lastKnownFileType = sourcecode.swift; path = GetUserRequest.swift; sourceTree = "<group>"; };
		57E9719225E4DAE900D86FC5 /* GetPlaceCommentsRequest.swift */ = {isa = PBXFileReference; lastKnownFileType = sourcecode.swift; path = GetPlaceCommentsRequest.swift; sourceTree = "<group>"; };
		57E9719525E4DE1500D86FC5 /* PlaceComment.swift */ = {isa = PBXFileReference; lastKnownFileType = sourcecode.swift; path = PlaceComment.swift; sourceTree = "<group>"; };
		57E971A625E4F6F400D86FC5 /* PlaceCommentViewController.swift */ = {isa = PBXFileReference; lastKnownFileType = sourcecode.swift; path = PlaceCommentViewController.swift; sourceTree = "<group>"; };
		57E971A925E50CEA00D86FC5 /* AddPlaceCommentRequest.swift */ = {isa = PBXFileReference; lastKnownFileType = sourcecode.swift; path = AddPlaceCommentRequest.swift; sourceTree = "<group>"; };
		57E971AC25E5148D00D86FC5 /* RemovePlaceCommentRequest.swift */ = {isa = PBXFileReference; lastKnownFileType = sourcecode.swift; path = RemovePlaceCommentRequest.swift; sourceTree = "<group>"; };
		57EB163B2615B6D50079919A /* PlaceCommentTVCell.swift */ = {isa = PBXFileReference; lastKnownFileType = sourcecode.swift; path = PlaceCommentTVCell.swift; sourceTree = "<group>"; };
		57EB16442616115E0079919A /* GetUserCommentsRequest.swift */ = {isa = PBXFileReference; lastKnownFileType = sourcecode.swift; path = GetUserCommentsRequest.swift; sourceTree = "<group>"; };
		57EB1647261611D90079919A /* CommentViewController.swift */ = {isa = PBXFileReference; lastKnownFileType = sourcecode.swift; path = CommentViewController.swift; sourceTree = "<group>"; };
		57EB164B261612920079919A /* UserCommentTVCell.swift */ = {isa = PBXFileReference; lastKnownFileType = sourcecode.swift; path = UserCommentTVCell.swift; sourceTree = "<group>"; };
		57EB1650261635130079919A /* LikeViewController.swift */ = {isa = PBXFileReference; lastKnownFileType = sourcecode.swift; path = LikeViewController.swift; sourceTree = "<group>"; };
		57EB1654261637E90079919A /* PlaceTVCell.swift */ = {isa = PBXFileReference; lastKnownFileType = sourcecode.swift; path = PlaceTVCell.swift; sourceTree = "<group>"; };
		57EFB3AA25ABF7570001CF59 /* Plapick.entitlements */ = {isa = PBXFileReference; lastKnownFileType = text.plist.entitlements; path = Plapick.entitlements; sourceTree = "<group>"; };
		57EFB3AC25AC01220001CF59 /* LoginRequest.swift */ = {isa = PBXFileReference; lastKnownFileType = sourcecode.swift; path = LoginRequest.swift; sourceTree = "<group>"; };
		57EFB3CF25AC353B0001CF59 /* User.swift */ = {isa = PBXFileReference; lastKnownFileType = sourcecode.swift; path = User.swift; sourceTree = "<group>"; };
		57F361AA260468680097F200 /* JoinRequest.swift */ = {isa = PBXFileReference; lastKnownFileType = sourcecode.swift; path = JoinRequest.swift; sourceTree = "<group>"; };
		57F361AF2604779E0097F200 /* EditProfileImageRequest.swift */ = {isa = PBXFileReference; lastKnownFileType = sourcecode.swift; path = EditProfileImageRequest.swift; sourceTree = "<group>"; };
		57F87F2B2606EF7F00771C71 /* FindEmailViewController.swift */ = {isa = PBXFileReference; lastKnownFileType = sourcecode.swift; path = FindEmailViewController.swift; sourceTree = "<group>"; };
		57F87F2E2606EF8900771C71 /* FindPasswordViewController.swift */ = {isa = PBXFileReference; lastKnownFileType = sourcecode.swift; path = FindPasswordViewController.swift; sourceTree = "<group>"; };
		57F87F312606F0DF00771C71 /* JoinPhoneViewController.swift */ = {isa = PBXFileReference; lastKnownFileType = sourcecode.swift; path = JoinPhoneViewController.swift; sourceTree = "<group>"; };
		57F87F352606F59900771C71 /* IdentifiedPhoneRequest.swift */ = {isa = PBXFileReference; lastKnownFileType = sourcecode.swift; path = IdentifiedPhoneRequest.swift; sourceTree = "<group>"; };
		57F87F392606F6D000771C71 /* IdentifiedPhoneCodeRequest.swift */ = {isa = PBXFileReference; lastKnownFileType = sourcecode.swift; path = IdentifiedPhoneCodeRequest.swift; sourceTree = "<group>"; };
		57F87F3E26070BBA00771C71 /* FindEmailRequest.swift */ = {isa = PBXFileReference; lastKnownFileType = sourcecode.swift; path = FindEmailRequest.swift; sourceTree = "<group>"; };
		57F87F47260712E800771C71 /* FindEmailResultView.swift */ = {isa = PBXFileReference; lastKnownFileType = sourcecode.swift; path = FindEmailResultView.swift; sourceTree = "<group>"; };
		57F87F502607298700771C71 /* EditPasswordViewController.swift */ = {isa = PBXFileReference; lastKnownFileType = sourcecode.swift; path = EditPasswordViewController.swift; sourceTree = "<group>"; };
		57F87F552607360F00771C71 /* EditPasswordRequest.swift */ = {isa = PBXFileReference; lastKnownFileType = sourcecode.swift; path = EditPasswordRequest.swift; sourceTree = "<group>"; };
		57FB7F8025AC6681007BE142 /* App.swift */ = {isa = PBXFileReference; lastKnownFileType = sourcecode.swift; path = App.swift; sourceTree = "<group>"; };
		98CCEE21A20FB68E2894317D /* Pods-Plapick.release.xcconfig */ = {isa = PBXFileReference; includeInIndex = 1; lastKnownFileType = text.xcconfig; name = "Pods-Plapick.release.xcconfig"; path = "Target Support Files/Pods-Plapick/Pods-Plapick.release.xcconfig"; sourceTree = "<group>"; };
		E148BEEB21E068D2533B5BCB /* Pods-Plapick.debug.xcconfig */ = {isa = PBXFileReference; includeInIndex = 1; lastKnownFileType = text.xcconfig; name = "Pods-Plapick.debug.xcconfig"; path = "Target Support Files/Pods-Plapick/Pods-Plapick.debug.xcconfig"; sourceTree = "<group>"; };
		E39571607D70074FC00EBC1F /* Pods_Plapick.framework */ = {isa = PBXFileReference; explicitFileType = wrapper.framework; includeInIndex = 0; path = Pods_Plapick.framework; sourceTree = BUILT_PRODUCTS_DIR; };
/* End PBXFileReference section */

/* Begin PBXFrameworksBuildPhase section */
		57C040D225998CCA00856F61 /* Frameworks */ = {
			isa = PBXFrameworksBuildPhase;
			buildActionMask = 2147483647;
			files = (
				57755BB525B3F91D00CF0849 /* PushKit.framework in Frameworks */,
				57755BB325B3F91400CF0849 /* UserNotifications.framework in Frameworks */,
				253117AEAEF1DA27906323F1 /* Pods_Plapick.framework in Frameworks */,
			);
			runOnlyForDeploymentPostprocessing = 0;
		};
/* End PBXFrameworksBuildPhase section */

/* Begin PBXGroup section */
		5738648F25BD26EE0025AF1A /* Login */ = {
			isa = PBXGroup;
			children = (
				5792F5C125AB494E00015FE9 /* LoginViewController.swift */,
				578856EC2602E38100A04F11 /* JoinAgreeViewController.swift */,
				57F87F312606F0DF00771C71 /* JoinPhoneViewController.swift */,
				578856F02602E39200A04F11 /* JoinEmailViewController.swift */,
				578856FE2602E4C500A04F11 /* JoinProfileViewController.swift */,
				57F87F2B2606EF7F00771C71 /* FindEmailViewController.swift */,
				57F87F2E2606EF8900771C71 /* FindPasswordViewController.swift */,
			);
			path = Login;
			sourceTree = "<group>";
		};
		5757008825A5DCBB006D5931 /* HttpConnection */ = {
			isa = PBXGroup;
			children = (
				57DCD7E325C2B4440040AC01 /* Post */,
				57DCD7E225C2B4400040AC01 /* Get */,
				5738649825BD325E0025AF1A /* HttpRequest.swift */,
				5738649125BD29F10025AF1A /* HttpResponse.swift */,
			);
			path = HttpConnection;
			sourceTree = "<group>";
		};
		5792F5B425AB0A1400015FE9 /* Base */ = {
			isa = PBXGroup;
			children = (
				57C040F82599963800856F61 /* Extension.swift */,
				5792F5B525AB0A2100015FE9 /* Static.swift */,
				57FB7F8025AC6681007BE142 /* App.swift */,
			);
			path = Base;
			sourceTree = "<group>";
		};
		57C040CC25998CCA00856F61 = {
			isa = PBXGroup;
			children = (
				57C040D725998CCA00856F61 /* Plapick */,
				57C040D625998CCA00856F61 /* Products */,
				E3FFA19708C301F7D849ED8D /* Pods */,
				C2EB320CE637E17A414B8B3B /* Frameworks */,
			);
			sourceTree = "<group>";
		};
		57C040D625998CCA00856F61 /* Products */ = {
			isa = PBXGroup;
			children = (
				57C040D525998CCA00856F61 /* Plapick.app */,
			);
			name = Products;
			sourceTree = "<group>";
		};
		57C040D725998CCA00856F61 /* Plapick */ = {
			isa = PBXGroup;
			children = (
				57EFB3AA25ABF7570001CF59 /* Plapick.entitlements */,
				5792F5B425AB0A1400015FE9 /* Base */,
				5757008825A5DCBB006D5931 /* HttpConnection */,
				57C0410E2599C84400856F61 /* Model */,
				57C040F025998DAD00856F61 /* Controller */,
				57C041092599C15D00856F61 /* View */,
				57C0412B259A0B0B00856F61 /* Cell */,
				57C040D825998CCA00856F61 /* AppDelegate.swift */,
				57C040DA25998CCA00856F61 /* SceneDelegate.swift */,
				57C040E125998CCB00856F61 /* Assets.xcassets */,
				57C040E625998CCB00856F61 /* Info.plist */,
			);
			path = Plapick;
			sourceTree = "<group>";
		};
		57C040F025998DAD00856F61 /* Controller */ = {
			isa = PBXGroup;
			children = (
				57C040F125998DB500856F61 /* Main */,
				5738648F25BD26EE0025AF1A /* Login */,
				5792F5BE25AB493C00015FE9 /* LaunchViewController.swift */,
				57F87F502607298700771C71 /* EditPasswordViewController.swift */,
				57D44DA1260984850042686E /* SearchKakaoPlaceViewController.swift */,
				57D44DBB2609E1240042686E /* PostingConfirmViewController.swift */,
				5772247D260BA085001CB980 /* PostsViewController.swift */,
				573E576E260D80CC0022F551 /* EditPostsViewController.swift */,
				5780FD9725C181CC002F89F2 /* MenuViewController.swift */,
				57AD93E02611FBC4004B3E39 /* EditProfileViewController.swift */,
				576F11672612E26600ADD204 /* AlarmViewController.swift */,
				5710A7D725CD99E7000C5D8D /* QnaListViewController.swift */,
				5778BBB525E0DCEE00377A52 /* WriteQnaViewController.swift */,
				576F117A2613761C00ADD204 /* QnaViewController.swift */,
				576F117E2613824B00ADD204 /* LeaveViewController.swift */,
				57C34CB725E8D7F700DAEDBE /* TermsViewController.swift */,
				57C7EB092614474E003DBDBE /* PostsCommentViewController.swift */,
				57C7EB2526148C01003DBDBE /* PostsReCommentViewController.swift */,
				57D9552625C3D69100CD2C6F /* PlaceViewController.swift */,
				57E971A625E4F6F400D86FC5 /* PlaceCommentViewController.swift */,
				57A9966725C7E64C0016CDA5 /* PlaceMapViewController.swift */,
				57EB1647261611D90079919A /* CommentViewController.swift */,
				57EB1650261635130079919A /* LikeViewController.swift */,
				571AC19E2616D0540040C8BC /* UserViewController.swift */,
				571AC1A32616FA210040C8BC /* UserListViewController.swift */,
				571AC1A82617165F0040C8BC /* ReportViewController.swift */,
			);
			path = Controller;
			sourceTree = "<group>";
		};
		57C040F125998DB500856F61 /* Main */ = {
			isa = PBXGroup;
			children = (
				5738649D25BD4E320025AF1A /* MainViewController.swift */,
				57C040FB259996AD00856F61 /* HomeViewController.swift */,
				572DF9AB260790BB00263128 /* PostingViewController.swift */,
				57C04104259996DF00856F61 /* AccountViewController.swift */,
			);
			path = Main;
			sourceTree = "<group>";
		};
		57C041092599C15D00856F61 /* View */ = {
			isa = PBXGroup;
			children = (
				573864CD25BDDEEE0025AF1A /* LineView.swift */,
				57F87F47260712E800771C71 /* FindEmailResultView.swift */,
				57D9554325C3F16800CD2C6F /* IconButton.swift */,
				5780FD9B25C1845B002F89F2 /* PushView.swift */,
			);
			path = View;
			sourceTree = "<group>";
		};
		57C0410E2599C84400856F61 /* Model */ = {
			isa = PBXGroup;
			children = (
				57EFB3CF25AC353B0001CF59 /* User.swift */,
				57B0E8E425CA870E00F123E7 /* KakaoPlace.swift */,
				57722459260B1AD4001CB980 /* Posts.swift */,
				5772245C260B1BB1001CB980 /* PostsImage.swift */,
				57C0411D2599E8A200856F61 /* Place.swift */,
				57722473260B96A9001CB980 /* KakaoPlaceCnt.swift */,
				57975855260DC6AE00264D45 /* EditPostsImage.swift */,
				5710A7DE25CDA1D6000C5D8D /* Qna.swift */,
				57C7EB0E26146585003DBDBE /* PostsComment.swift */,
				57C7EB1D26148135003DBDBE /* PostsReComment.swift */,
				57E9719525E4DE1500D86FC5 /* PlaceComment.swift */,
				571AC1BD261739D60040C8BC /* UserComment.swift */,
			);
			path = Model;
			sourceTree = "<group>";
		};
		57C0412B259A0B0B00856F61 /* Cell */ = {
			isa = PBXGroup;
			children = (
				5772244C260B11E4001CB980 /* UploadPostsImageCVCell.swift */,
				57B0E8E925CA899D00F123E7 /* KakaoPlaceTVCell.swift */,
				57722451260B18D8001CB980 /* PostsCVCell.swift */,
				57722469260B5198001CB980 /* PostsPlaceTVCell.swift */,
				573E5771260D959D0022F551 /* SlideImageCVCell.swift */,
				576F11702613101100ADD204 /* QnaTVCell.swift */,
				57C7EAF6261427DF003DBDBE /* PostsTVCell.swift */,
				57C7EB1926146D84003DBDBE /* PostsCommentTVCell.swift */,
				57C7EB2926149334003DBDBE /* PostsReCommentTVCell.swift */,
				57305B0D26159DBE00EA9D2E /* PlaceHeaderCVCell.swift */,
				57EB163B2615B6D50079919A /* PlaceCommentTVCell.swift */,
				57EB164B261612920079919A /* UserCommentTVCell.swift */,
				57EB1654261637E90079919A /* PlaceTVCell.swift */,
				57D9554025C3E25200CD2C6F /* UserTVCell.swift */,
			);
			path = Cell;
			sourceTree = "<group>";
		};
		57DCD7E225C2B4400040AC01 /* Get */ = {
			isa = PBXGroup;
			children = (
				57B0E8E125CA85B500F123E7 /* GetKakaoPlacesRequest.swift */,
				57722460260B2207001CB980 /* GetPostsRequest.swift */,
				57722465260B4CC2001CB980 /* GetUserPostsPlacesRequest.swift */,
				57DCD7B925C2710F0040AC01 /* GetUserRequest.swift */,
				57722470260B960F001CB980 /* GetKakaoPlaceCntRequest.swift */,
				5780FDA325C1C305002F89F2 /* GetVersionRequest.swift */,
				5778BBBC25E0F3EA00377A52 /* GetQnasRequest.swift */,
				57C7EB11261469B3003DBDBE /* GetPostsCommentsRequest.swift */,
				57C7EB3126149642003DBDBE /* GetPostsReCommentsRequest.swift */,
				57266D3F25C70FB8004C8187 /* GetPlaceRequest.swift */,
				57E9719225E4DAE900D86FC5 /* GetPlaceCommentsRequest.swift */,
				57EB16442616115E0079919A /* GetUserCommentsRequest.swift */,
				5759EBD625BEE7F4007497F6 /* GetPlacesRequest.swift */,
				57D9552925C3DBCD00CD2C6F /* GetUsersRequest.swift */,
			);
			path = Get;
			sourceTree = "<group>";
		};
		57DCD7E325C2B4440040AC01 /* Post */ = {
			isa = PBXGroup;
			children = (
				57F87F352606F59900771C71 /* IdentifiedPhoneRequest.swift */,
				57F87F392606F6D000771C71 /* IdentifiedPhoneCodeRequest.swift */,
				5788570326031D6D00A04F11 /* IdentifiedEmailRequest.swift */,
				57885707260329A200A04F11 /* IdentifiedEmailCodeRequest.swift */,
				5788570E26039F1E00A04F11 /* CheckNicknameRequest.swift */,
				5792854925AF48A10060F00C /* UploadImageRequest.swift */,
				57EFB3AC25AC01220001CF59 /* LoginRequest.swift */,
				57F361AA260468680097F200 /* JoinRequest.swift */,
				57F361AF2604779E0097F200 /* EditProfileImageRequest.swift */,
				57F87F3E26070BBA00771C71 /* FindEmailRequest.swift */,
				57F87F552607360F00771C71 /* EditPasswordRequest.swift */,
				57D44DB62609DDA50042686E /* AddPostsRequest.swift */,
				57D44DC0260A0E920042686E /* UploadPostsImageRequest.swift */,
				579DEBAF260C9CB700ADE0B6 /* RemovePostsRequest.swift */,
				573E576A260D75AF0022F551 /* LikePostsRequest.swift */,
				57975859260DE45A00264D45 /* EditPostsRequest.swift */,
				5797585D260DF91300264D45 /* RemovePostsImagesRequest.swift */,
				57975864260E08EA00264D45 /* EditPostsImagesRequest.swift */,
				57A97D4E25AD6A4300E8F982 /* LogoutRequest.swift */,
				57A8B3D325E7FDB8005B7BE5 /* EditUserPushRequest.swift */,
				576F116B2612E84700ADD204 /* EditNicknameRequest.swift */,
				5778BBB925E0F1F500377A52 /* AddQnaRequest.swift */,
				57BA5F1225E2CBBB00C8A628 /* RemoveQnaRequest.swift */,
				576F118226138F7300ADD204 /* LeaveRequest.swift */,
				57C7EB1426146AA6003DBDBE /* AddPostsCommentRequest.swift */,
				57C7EB212614899C003DBDBE /* RemovePostsCommentRequest.swift */,
				57C7EB2D2614948E003DBDBE /* AddPostsReCommentRequest.swift */,
				57C7EB3526149E2F003DBDBE /* RemovePostsReCommentRequest.swift */,
				5701EFD025BFD22600AA4E0F /* LikePlaceRequest.swift */,
				57E971A925E50CEA00D86FC5 /* AddPlaceCommentRequest.swift */,
				57E971AC25E5148D00D86FC5 /* RemovePlaceCommentRequest.swift */,
				57D9555225C4445F00CD2C6F /* FollowRequest.swift */,
				571AC1AD261733E50040C8BC /* ReportRequest.swift */,
				571AC1BA261739B10040C8BC /* AddUserDeviceRequest.swift */,
			);
			path = Post;
			sourceTree = "<group>";
		};
		C2EB320CE637E17A414B8B3B /* Frameworks */ = {
			isa = PBXGroup;
			children = (
				57755BB425B3F91D00CF0849 /* PushKit.framework */,
				57755BB225B3F91400CF0849 /* UserNotifications.framework */,
				E39571607D70074FC00EBC1F /* Pods_Plapick.framework */,
			);
			name = Frameworks;
			sourceTree = "<group>";
		};
		E3FFA19708C301F7D849ED8D /* Pods */ = {
			isa = PBXGroup;
			children = (
				E148BEEB21E068D2533B5BCB /* Pods-Plapick.debug.xcconfig */,
				98CCEE21A20FB68E2894317D /* Pods-Plapick.release.xcconfig */,
			);
			path = Pods;
			sourceTree = "<group>";
		};
/* End PBXGroup section */

/* Begin PBXNativeTarget section */
		57C040D425998CCA00856F61 /* Plapick */ = {
			isa = PBXNativeTarget;
			buildConfigurationList = 57C040E925998CCB00856F61 /* Build configuration list for PBXNativeTarget "Plapick" */;
			buildPhases = (
				7CEC3A5F9E2338CA7F226E1B /* [CP] Check Pods Manifest.lock */,
				57C040D125998CCA00856F61 /* Sources */,
				57C040D225998CCA00856F61 /* Frameworks */,
				57C040D325998CCA00856F61 /* Resources */,
				DAA099C33654770C3B185591 /* [CP] Embed Pods Frameworks */,
			);
			buildRules = (
			);
			dependencies = (
			);
			name = Plapick;
			productName = Plapick;
			productReference = 57C040D525998CCA00856F61 /* Plapick.app */;
			productType = "com.apple.product-type.application";
		};
/* End PBXNativeTarget section */

/* Begin PBXProject section */
		57C040CD25998CCA00856F61 /* Project object */ = {
			isa = PBXProject;
			attributes = {
				LastSwiftUpdateCheck = 1230;
				LastUpgradeCheck = 1230;
				TargetAttributes = {
					57C040D425998CCA00856F61 = {
						CreatedOnToolsVersion = 12.3;
					};
				};
			};
			buildConfigurationList = 57C040D025998CCA00856F61 /* Build configuration list for PBXProject "Plapick" */;
			compatibilityVersion = "Xcode 9.3";
			developmentRegion = en;
			hasScannedForEncodings = 0;
			knownRegions = (
				en,
				ko,
				Base,
			);
			mainGroup = 57C040CC25998CCA00856F61;
			productRefGroup = 57C040D625998CCA00856F61 /* Products */;
			projectDirPath = "";
			projectRoot = "";
			targets = (
				57C040D425998CCA00856F61 /* Plapick */,
			);
		};
/* End PBXProject section */

/* Begin PBXResourcesBuildPhase section */
		57C040D325998CCA00856F61 /* Resources */ = {
			isa = PBXResourcesBuildPhase;
			buildActionMask = 2147483647;
			files = (
				57C040E225998CCB00856F61 /* Assets.xcassets in Resources */,
			);
			runOnlyForDeploymentPostprocessing = 0;
		};
/* End PBXResourcesBuildPhase section */

/* Begin PBXShellScriptBuildPhase section */
		7CEC3A5F9E2338CA7F226E1B /* [CP] Check Pods Manifest.lock */ = {
			isa = PBXShellScriptBuildPhase;
			buildActionMask = 2147483647;
			files = (
			);
			inputFileListPaths = (
			);
			inputPaths = (
				"${PODS_PODFILE_DIR_PATH}/Podfile.lock",
				"${PODS_ROOT}/Manifest.lock",
			);
			name = "[CP] Check Pods Manifest.lock";
			outputFileListPaths = (
			);
			outputPaths = (
				"$(DERIVED_FILE_DIR)/Pods-Plapick-checkManifestLockResult.txt",
			);
			runOnlyForDeploymentPostprocessing = 0;
			shellPath = /bin/sh;
			shellScript = "diff \"${PODS_PODFILE_DIR_PATH}/Podfile.lock\" \"${PODS_ROOT}/Manifest.lock\" > /dev/null\nif [ $? != 0 ] ; then\n    # print error to STDERR\n    echo \"error: The sandbox is not in sync with the Podfile.lock. Run 'pod install' or update your CocoaPods installation.\" >&2\n    exit 1\nfi\n# This output is used by Xcode 'outputs' to avoid re-running this script phase.\necho \"SUCCESS\" > \"${SCRIPT_OUTPUT_FILE_0}\"\n";
			showEnvVarsInLog = 0;
		};
		DAA099C33654770C3B185591 /* [CP] Embed Pods Frameworks */ = {
			isa = PBXShellScriptBuildPhase;
			buildActionMask = 2147483647;
			files = (
			);
			inputFileListPaths = (
				"${PODS_ROOT}/Target Support Files/Pods-Plapick/Pods-Plapick-frameworks-${CONFIGURATION}-input-files.xcfilelist",
			);
			name = "[CP] Embed Pods Frameworks";
			outputFileListPaths = (
				"${PODS_ROOT}/Target Support Files/Pods-Plapick/Pods-Plapick-frameworks-${CONFIGURATION}-output-files.xcfilelist",
			);
			runOnlyForDeploymentPostprocessing = 0;
			shellPath = /bin/sh;
			shellScript = "\"${PODS_ROOT}/Target Support Files/Pods-Plapick/Pods-Plapick-frameworks.sh\"\n";
			showEnvVarsInLog = 0;
		};
/* End PBXShellScriptBuildPhase section */

/* Begin PBXSourcesBuildPhase section */
		57C040D125998CCA00856F61 /* Sources */ = {
			isa = PBXSourcesBuildPhase;
			buildActionMask = 2147483647;
			files = (
				57F87F322606F0DF00771C71 /* JoinPhoneViewController.swift in Sources */,
				5792F5BF25AB493C00015FE9 /* LaunchViewController.swift in Sources */,
				573E576F260D80CC0022F551 /* EditPostsViewController.swift in Sources */,
				5778BBBD25E0F3EA00377A52 /* GetQnasRequest.swift in Sources */,
				57EB164C261612920079919A /* UserCommentTVCell.swift in Sources */,
				576F117B2613761C00ADD204 /* QnaViewController.swift in Sources */,
				576F11682612E26600ADD204 /* AlarmViewController.swift in Sources */,
				5772246A260B5198001CB980 /* PostsPlaceTVCell.swift in Sources */,
				571AC1BB261739B10040C8BC /* AddUserDeviceRequest.swift in Sources */,
				57E971A725E4F6F400D86FC5 /* PlaceCommentViewController.swift in Sources */,
				57C040FC259996AD00856F61 /* HomeViewController.swift in Sources */,
				57C7EB0F26146585003DBDBE /* PostsComment.swift in Sources */,
				57C7EB0A2614474E003DBDBE /* PostsCommentViewController.swift in Sources */,
				57D9552725C3D69100CD2C6F /* PlaceViewController.swift in Sources */,
				57FB7F8125AC6681007BE142 /* App.swift in Sources */,
				57722466260B4CC2001CB980 /* GetUserPostsPlacesRequest.swift in Sources */,
				57C7EB3626149E2F003DBDBE /* RemovePostsReCommentRequest.swift in Sources */,
				572DF9AC260790BB00263128 /* PostingViewController.swift in Sources */,
				57F87F3A2606F6D000771C71 /* IdentifiedPhoneCodeRequest.swift in Sources */,
				57C7EB222614899C003DBDBE /* RemovePostsCommentRequest.swift in Sources */,
				5797585E260DF91300264D45 /* RemovePostsImagesRequest.swift in Sources */,
				57B0E8E225CA85B500F123E7 /* GetKakaoPlacesRequest.swift in Sources */,
				57305B0E26159DBE00EA9D2E /* PlaceHeaderCVCell.swift in Sources */,
				57C04105259996DF00856F61 /* AccountViewController.swift in Sources */,
				57C7EB1526146AA6003DBDBE /* AddPostsCommentRequest.swift in Sources */,
				57D9554425C3F16800CD2C6F /* IconButton.swift in Sources */,
				57C7EB3226149642003DBDBE /* GetPostsReCommentsRequest.swift in Sources */,
				57C7EB12261469B3003DBDBE /* GetPostsCommentsRequest.swift in Sources */,
				578856F12602E39200A04F11 /* JoinEmailViewController.swift in Sources */,
				57C34CB825E8D7F700DAEDBE /* TermsViewController.swift in Sources */,
				57EB1648261611D90079919A /* CommentViewController.swift in Sources */,
				5701EFD125BFD22600AA4E0F /* LikePlaceRequest.swift in Sources */,
				576F116C2612E84700ADD204 /* EditNicknameRequest.swift in Sources */,
				57266D4025C70FB8004C8187 /* GetPlaceRequest.swift in Sources */,
				57D9555325C4445F00CD2C6F /* FollowRequest.swift in Sources */,
				5778BBBA25E0F1F500377A52 /* AddQnaRequest.swift in Sources */,
				57C040D925998CCA00856F61 /* AppDelegate.swift in Sources */,
				57975865260E08EA00264D45 /* EditPostsImagesRequest.swift in Sources */,
				57722452260B18D8001CB980 /* PostsCVCell.swift in Sources */,
				57F87F48260712E800771C71 /* FindEmailResultView.swift in Sources */,
				57A9966825C7E64C0016CDA5 /* PlaceMapViewController.swift in Sources */,
				573E5772260D959D0022F551 /* SlideImageCVCell.swift in Sources */,
				5788570426031D6D00A04F11 /* IdentifiedEmailRequest.swift in Sources */,
				57975856260DC6AE00264D45 /* EditPostsImage.swift in Sources */,
				57D44DC1260A0E920042686E /* UploadPostsImageRequest.swift in Sources */,
				576F118326138F7300ADD204 /* LeaveRequest.swift in Sources */,
				57EB1655261637E90079919A /* PlaceTVCell.swift in Sources */,
				5792F5C225AB494E00015FE9 /* LoginViewController.swift in Sources */,
				5759EBD725BEE7F4007497F6 /* GetPlacesRequest.swift in Sources */,
				57EB16452616115E0079919A /* GetUserCommentsRequest.swift in Sources */,
				57F361AB260468680097F200 /* JoinRequest.swift in Sources */,
				5797585A260DE45A00264D45 /* EditPostsRequest.swift in Sources */,
				57D44DB72609DDA50042686E /* AddPostsRequest.swift in Sources */,
				576F117F2613824B00ADD204 /* LeaveViewController.swift in Sources */,
				573E576B260D75AF0022F551 /* LikePostsRequest.swift in Sources */,
				578856FF2602E4C500A04F11 /* JoinProfileViewController.swift in Sources */,
				5710A7D825CD99E7000C5D8D /* QnaListViewController.swift in Sources */,
				57E9719625E4DE1500D86FC5 /* PlaceComment.swift in Sources */,
				57F87F362606F59900771C71 /* IdentifiedPhoneRequest.swift in Sources */,
				573864CE25BDDEEE0025AF1A /* LineView.swift in Sources */,
				57C0411E2599E8A200856F61 /* Place.swift in Sources */,
				57D9554125C3E25200CD2C6F /* UserTVCell.swift in Sources */,
				5780FD9825C181CC002F89F2 /* MenuViewController.swift in Sources */,
				57E9719325E4DAE900D86FC5 /* GetPlaceCommentsRequest.swift in Sources */,
				5788570F26039F1E00A04F11 /* CheckNicknameRequest.swift in Sources */,
				57EFB3AD25AC01220001CF59 /* LoginRequest.swift in Sources */,
				5772245D260B1BB1001CB980 /* PostsImage.swift in Sources */,
				57BA5F1325E2CBBB00C8A628 /* RemoveQnaRequest.swift in Sources */,
				57C040DB25998CCA00856F61 /* SceneDelegate.swift in Sources */,
				576F11712613101100ADD204 /* QnaTVCell.swift in Sources */,
				5772244D260B11E4001CB980 /* UploadPostsImageCVCell.swift in Sources */,
				57F87F2F2606EF8900771C71 /* FindPasswordViewController.swift in Sources */,
				5772247E260BA085001CB980 /* PostsViewController.swift in Sources */,
				57C7EB2E2614948E003DBDBE /* AddPostsReCommentRequest.swift in Sources */,
				5778BBB625E0DCEE00377A52 /* WriteQnaViewController.swift in Sources */,
				5710A7DF25CDA1D6000C5D8D /* Qna.swift in Sources */,
				57C7EB2A26149334003DBDBE /* PostsReCommentTVCell.swift in Sources */,
				57DCD7BA25C2710F0040AC01 /* GetUserRequest.swift in Sources */,
				571AC1BE261739D60040C8BC /* UserComment.swift in Sources */,
				57AD93E12611FBC4004B3E39 /* EditProfileViewController.swift in Sources */,
				57C7EB2626148C01003DBDBE /* PostsReCommentViewController.swift in Sources */,
				5780FD9C25C1845B002F89F2 /* PushView.swift in Sources */,
				571AC1A92617165F0040C8BC /* ReportViewController.swift in Sources */,
				57C7EB1E26148135003DBDBE /* PostsReComment.swift in Sources */,
				57F361B02604779E0097F200 /* EditProfileImageRequest.swift in Sources */,
				5780FDA425C1C305002F89F2 /* GetVersionRequest.swift in Sources */,
				57E971AA25E50CEA00D86FC5 /* AddPlaceCommentRequest.swift in Sources */,
				57722471260B960F001CB980 /* GetKakaoPlaceCntRequest.swift in Sources */,
				57F87F562607360F00771C71 /* EditPasswordRequest.swift in Sources */,
				5772245A260B1AD4001CB980 /* Posts.swift in Sources */,
				57F87F3F26070BBA00771C71 /* FindEmailRequest.swift in Sources */,
				571AC19F2616D0540040C8BC /* UserViewController.swift in Sources */,
				57D9552A25C3DBCD00CD2C6F /* GetUsersRequest.swift in Sources */,
				57F87F512607298700771C71 /* EditPasswordViewController.swift in Sources */,
				5738649E25BD4E320025AF1A /* MainViewController.swift in Sources */,
				579DEBB0260C9CB700ADE0B6 /* RemovePostsRequest.swift in Sources */,
				57722461260B2207001CB980 /* GetPostsRequest.swift in Sources */,
				57B0E8EA25CA899D00F123E7 /* KakaoPlaceTVCell.swift in Sources */,
				57E971AD25E5148D00D86FC5 /* RemovePlaceCommentRequest.swift in Sources */,
				57C7EAF7261427DF003DBDBE /* PostsTVCell.swift in Sources */,
				57B0E8E525CA870E00F123E7 /* KakaoPlace.swift in Sources */,
				57D44DA2260984850042686E /* SearchKakaoPlaceViewController.swift in Sources */,
				57D44DBC2609E1240042686E /* PostingConfirmViewController.swift in Sources */,
				57C7EB1A26146D84003DBDBE /* PostsCommentTVCell.swift in Sources */,
				57A8B3D425E7FDB8005B7BE5 /* EditUserPushRequest.swift in Sources */,
				57F87F2C2606EF7F00771C71 /* FindEmailViewController.swift in Sources */,
				578856ED2602E38100A04F11 /* JoinAgreeViewController.swift in Sources */,
				57A97D4F25AD6A4300E8F982 /* LogoutRequest.swift in Sources */,
				5738649225BD29F10025AF1A /* HttpResponse.swift in Sources */,
				57EB163C2615B6D50079919A /* PlaceCommentTVCell.swift in Sources */,
				571AC1AE261733E50040C8BC /* ReportRequest.swift in Sources */,
				571AC1A42616FA210040C8BC /* UserListViewController.swift in Sources */,
				57722474260B96A9001CB980 /* KakaoPlaceCnt.swift in Sources */,
				57C040F92599963800856F61 /* Extension.swift in Sources */,
				57EB1651261635130079919A /* LikeViewController.swift in Sources */,
				5792854A25AF48A10060F00C /* UploadImageRequest.swift in Sources */,
				5792F5B625AB0A2100015FE9 /* Static.swift in Sources */,
				57885708260329A200A04F11 /* IdentifiedEmailCodeRequest.swift in Sources */,
				57EFB3D025AC353B0001CF59 /* User.swift in Sources */,
				5738649925BD325E0025AF1A /* HttpRequest.swift in Sources */,
			);
			runOnlyForDeploymentPostprocessing = 0;
		};
/* End PBXSourcesBuildPhase section */

/* Begin XCBuildConfiguration section */
		57C040E725998CCB00856F61 /* Debug */ = {
			isa = XCBuildConfiguration;
			buildSettings = {
				ALWAYS_SEARCH_USER_PATHS = NO;
				CLANG_ANALYZER_NONNULL = YES;
				CLANG_ANALYZER_NUMBER_OBJECT_CONVERSION = YES_AGGRESSIVE;
				CLANG_CXX_LANGUAGE_STANDARD = "gnu++14";
				CLANG_CXX_LIBRARY = "libc++";
				CLANG_ENABLE_MODULES = YES;
				CLANG_ENABLE_OBJC_ARC = YES;
				CLANG_ENABLE_OBJC_WEAK = YES;
				CLANG_WARN_BLOCK_CAPTURE_AUTORELEASING = YES;
				CLANG_WARN_BOOL_CONVERSION = YES;
				CLANG_WARN_COMMA = YES;
				CLANG_WARN_CONSTANT_CONVERSION = YES;
				CLANG_WARN_DEPRECATED_OBJC_IMPLEMENTATIONS = YES;
				CLANG_WARN_DIRECT_OBJC_ISA_USAGE = YES_ERROR;
				CLANG_WARN_DOCUMENTATION_COMMENTS = YES;
				CLANG_WARN_EMPTY_BODY = YES;
				CLANG_WARN_ENUM_CONVERSION = YES;
				CLANG_WARN_INFINITE_RECURSION = YES;
				CLANG_WARN_INT_CONVERSION = YES;
				CLANG_WARN_NON_LITERAL_NULL_CONVERSION = YES;
				CLANG_WARN_OBJC_IMPLICIT_RETAIN_SELF = YES;
				CLANG_WARN_OBJC_LITERAL_CONVERSION = YES;
				CLANG_WARN_OBJC_ROOT_CLASS = YES_ERROR;
				CLANG_WARN_QUOTED_INCLUDE_IN_FRAMEWORK_HEADER = YES;
				CLANG_WARN_RANGE_LOOP_ANALYSIS = YES;
				CLANG_WARN_STRICT_PROTOTYPES = YES;
				CLANG_WARN_SUSPICIOUS_MOVE = YES;
				CLANG_WARN_UNGUARDED_AVAILABILITY = YES_AGGRESSIVE;
				CLANG_WARN_UNREACHABLE_CODE = YES;
				CLANG_WARN__DUPLICATE_METHOD_MATCH = YES;
				COPY_PHASE_STRIP = NO;
				DEBUG_INFORMATION_FORMAT = dwarf;
				ENABLE_STRICT_OBJC_MSGSEND = YES;
				ENABLE_TESTABILITY = YES;
				GCC_C_LANGUAGE_STANDARD = gnu11;
				GCC_DYNAMIC_NO_PIC = NO;
				GCC_NO_COMMON_BLOCKS = YES;
				GCC_OPTIMIZATION_LEVEL = 0;
				GCC_PREPROCESSOR_DEFINITIONS = (
					"DEBUG=1",
					"$(inherited)",
				);
				GCC_WARN_64_TO_32_BIT_CONVERSION = YES;
				GCC_WARN_ABOUT_RETURN_TYPE = YES_ERROR;
				GCC_WARN_UNDECLARED_SELECTOR = YES;
				GCC_WARN_UNINITIALIZED_AUTOS = YES_AGGRESSIVE;
				GCC_WARN_UNUSED_FUNCTION = YES;
				GCC_WARN_UNUSED_VARIABLE = YES;
				IPHONEOS_DEPLOYMENT_TARGET = 13.0;
				MTL_ENABLE_DEBUG_INFO = INCLUDE_SOURCE;
				MTL_FAST_MATH = YES;
				ONLY_ACTIVE_ARCH = YES;
				SDKROOT = iphoneos;
				SWIFT_ACTIVE_COMPILATION_CONDITIONS = DEBUG;
				SWIFT_OPTIMIZATION_LEVEL = "-Onone";
			};
			name = Debug;
		};
		57C040E825998CCB00856F61 /* Release */ = {
			isa = XCBuildConfiguration;
			buildSettings = {
				ALWAYS_SEARCH_USER_PATHS = NO;
				CLANG_ANALYZER_NONNULL = YES;
				CLANG_ANALYZER_NUMBER_OBJECT_CONVERSION = YES_AGGRESSIVE;
				CLANG_CXX_LANGUAGE_STANDARD = "gnu++14";
				CLANG_CXX_LIBRARY = "libc++";
				CLANG_ENABLE_MODULES = YES;
				CLANG_ENABLE_OBJC_ARC = YES;
				CLANG_ENABLE_OBJC_WEAK = YES;
				CLANG_WARN_BLOCK_CAPTURE_AUTORELEASING = YES;
				CLANG_WARN_BOOL_CONVERSION = YES;
				CLANG_WARN_COMMA = YES;
				CLANG_WARN_CONSTANT_CONVERSION = YES;
				CLANG_WARN_DEPRECATED_OBJC_IMPLEMENTATIONS = YES;
				CLANG_WARN_DIRECT_OBJC_ISA_USAGE = YES_ERROR;
				CLANG_WARN_DOCUMENTATION_COMMENTS = YES;
				CLANG_WARN_EMPTY_BODY = YES;
				CLANG_WARN_ENUM_CONVERSION = YES;
				CLANG_WARN_INFINITE_RECURSION = YES;
				CLANG_WARN_INT_CONVERSION = YES;
				CLANG_WARN_NON_LITERAL_NULL_CONVERSION = YES;
				CLANG_WARN_OBJC_IMPLICIT_RETAIN_SELF = YES;
				CLANG_WARN_OBJC_LITERAL_CONVERSION = YES;
				CLANG_WARN_OBJC_ROOT_CLASS = YES_ERROR;
				CLANG_WARN_QUOTED_INCLUDE_IN_FRAMEWORK_HEADER = YES;
				CLANG_WARN_RANGE_LOOP_ANALYSIS = YES;
				CLANG_WARN_STRICT_PROTOTYPES = YES;
				CLANG_WARN_SUSPICIOUS_MOVE = YES;
				CLANG_WARN_UNGUARDED_AVAILABILITY = YES_AGGRESSIVE;
				CLANG_WARN_UNREACHABLE_CODE = YES;
				CLANG_WARN__DUPLICATE_METHOD_MATCH = YES;
				COPY_PHASE_STRIP = NO;
				DEBUG_INFORMATION_FORMAT = "dwarf-with-dsym";
				ENABLE_NS_ASSERTIONS = NO;
				ENABLE_STRICT_OBJC_MSGSEND = YES;
				GCC_C_LANGUAGE_STANDARD = gnu11;
				GCC_NO_COMMON_BLOCKS = YES;
				GCC_WARN_64_TO_32_BIT_CONVERSION = YES;
				GCC_WARN_ABOUT_RETURN_TYPE = YES_ERROR;
				GCC_WARN_UNDECLARED_SELECTOR = YES;
				GCC_WARN_UNINITIALIZED_AUTOS = YES_AGGRESSIVE;
				GCC_WARN_UNUSED_FUNCTION = YES;
				GCC_WARN_UNUSED_VARIABLE = YES;
				IPHONEOS_DEPLOYMENT_TARGET = 13.0;
				MTL_ENABLE_DEBUG_INFO = NO;
				MTL_FAST_MATH = YES;
				SDKROOT = iphoneos;
				SWIFT_COMPILATION_MODE = wholemodule;
				SWIFT_OPTIMIZATION_LEVEL = "-O";
				VALIDATE_PRODUCT = YES;
			};
			name = Release;
		};
		57C040EA25998CCB00856F61 /* Debug */ = {
			isa = XCBuildConfiguration;
			baseConfigurationReference = E148BEEB21E068D2533B5BCB /* Pods-Plapick.debug.xcconfig */;
			buildSettings = {
				ASSETCATALOG_COMPILER_APPICON_NAME = AppIcon;
				ASSETCATALOG_COMPILER_GLOBAL_ACCENT_COLOR_NAME = AccentColor;
				CODE_SIGN_ENTITLEMENTS = Plapick/Plapick.entitlements;
				CODE_SIGN_IDENTITY = "Apple Development";
				CODE_SIGN_STYLE = Automatic;
				CURRENT_PROJECT_VERSION = 120;
				DEVELOPMENT_TEAM = 364WTC934M;
				INFOPLIST_FILE = Plapick/Info.plist;
				IPHONEOS_DEPLOYMENT_TARGET = 14.1;
				LD_RUNPATH_SEARCH_PATHS = (
					"$(inherited)",
					"@executable_path/Frameworks",
				);
				MARKETING_VERSION = 1.2.0;
				PRODUCT_BUNDLE_IDENTIFIER = com.logicador.Plapick;
				PRODUCT_NAME = "$(TARGET_NAME)";
				PROVISIONING_PROFILE_SPECIFIER = "";
				SWIFT_VERSION = 5.0;
				TARGETED_DEVICE_FAMILY = 1;
			};
			name = Debug;
		};
		57C040EB25998CCB00856F61 /* Release */ = {
			isa = XCBuildConfiguration;
			baseConfigurationReference = 98CCEE21A20FB68E2894317D /* Pods-Plapick.release.xcconfig */;
			buildSettings = {
				ASSETCATALOG_COMPILER_APPICON_NAME = AppIcon;
				ASSETCATALOG_COMPILER_GLOBAL_ACCENT_COLOR_NAME = AccentColor;
				CODE_SIGN_ENTITLEMENTS = Plapick/Plapick.entitlements;
				CODE_SIGN_IDENTITY = "Apple Development";
				CODE_SIGN_STYLE = Automatic;
				CURRENT_PROJECT_VERSION = 120;
				DEVELOPMENT_TEAM = 364WTC934M;
				INFOPLIST_FILE = Plapick/Info.plist;
				IPHONEOS_DEPLOYMENT_TARGET = 14.1;
				LD_RUNPATH_SEARCH_PATHS = (
					"$(inherited)",
					"@executable_path/Frameworks",
				);
				MARKETING_VERSION = 1.2.0;
				PRODUCT_BUNDLE_IDENTIFIER = com.logicador.Plapick;
				PRODUCT_NAME = "$(TARGET_NAME)";
				PROVISIONING_PROFILE_SPECIFIER = "";
				SWIFT_VERSION = 5.0;
				TARGETED_DEVICE_FAMILY = 1;
			};
			name = Release;
		};
/* End XCBuildConfiguration section */

/* Begin XCConfigurationList section */
		57C040D025998CCA00856F61 /* Build configuration list for PBXProject "Plapick" */ = {
			isa = XCConfigurationList;
			buildConfigurations = (
				57C040E725998CCB00856F61 /* Debug */,
				57C040E825998CCB00856F61 /* Release */,
			);
			defaultConfigurationIsVisible = 0;
			defaultConfigurationName = Release;
		};
		57C040E925998CCB00856F61 /* Build configuration list for PBXNativeTarget "Plapick" */ = {
			isa = XCConfigurationList;
			buildConfigurations = (
				57C040EA25998CCB00856F61 /* Debug */,
				57C040EB25998CCB00856F61 /* Release */,
			);
			defaultConfigurationIsVisible = 0;
			defaultConfigurationName = Release;
		};
/* End XCConfigurationList section */
	};
	rootObject = 57C040CD25998CCA00856F61 /* Project object */;
}
